// !$*UTF8*$!
{
	archiveVersion = 1;
	classes = {
	};
	objectVersion = 50;
	objects = {

/* Begin PBXBuildFile section */
		044734A7207F3166003BA9C3 /* AppDelegate.m in Sources */ = {isa = PBXBuildFile; fileRef = 044734A6207F3166003BA9C3 /* AppDelegate.m */; };
		044734A9207F316A003BA9C3 /* Assets.xcassets in Resources */ = {isa = PBXBuildFile; fileRef = 044734A8207F316A003BA9C3 /* Assets.xcassets */; };
		044734AC207F316A003BA9C3 /* LaunchScreen.storyboard in Resources */ = {isa = PBXBuildFile; fileRef = 044734AA207F316A003BA9C3 /* LaunchScreen.storyboard */; };
		044734AF207F316A003BA9C3 /* main.m in Sources */ = {isa = PBXBuildFile; fileRef = 044734AE207F316A003BA9C3 /* main.m */; };
		044734B9207F316A003BA9C3 /* CellExtandTests.m in Sources */ = {isa = PBXBuildFile; fileRef = 044734B8207F316A003BA9C3 /* CellExtandTests.m */; };
		044734C4207F316A003BA9C3 /* CellExtandUITests.m in Sources */ = {isa = PBXBuildFile; fileRef = 044734C3207F316A003BA9C3 /* CellExtandUITests.m */; };
		044734D4207F31BF003BA9C3 /* RootViewController.m in Sources */ = {isa = PBXBuildFile; fileRef = 044734D3207F31BF003BA9C3 /* RootViewController.m */; };
		044734D7207F31E0003BA9C3 /* CellTableViewCell.m in Sources */ = {isa = PBXBuildFile; fileRef = 044734D6207F31E0003BA9C3 /* CellTableViewCell.m */; };
		044734F5207F31F9003BA9C3 /* LICENSE in Resources */ = {isa = PBXBuildFile; fileRef = 044734D9207F31F9003BA9C3 /* LICENSE */; };
		044734F6207F31F9003BA9C3 /* MASCompositeConstraint.m in Sources */ = {isa = PBXBuildFile; fileRef = 044734DC207F31F9003BA9C3 /* MASCompositeConstraint.m */; };
		044734F7207F31F9003BA9C3 /* MASConstraint.m in Sources */ = {isa = PBXBuildFile; fileRef = 044734DF207F31F9003BA9C3 /* MASConstraint.m */; };
		044734F8207F31F9003BA9C3 /* MASConstraintMaker.m in Sources */ = {isa = PBXBuildFile; fileRef = 044734E1207F31F9003BA9C3 /* MASConstraintMaker.m */; };
		044734F9207F31F9003BA9C3 /* MASLayoutConstraint.m in Sources */ = {isa = PBXBuildFile; fileRef = 044734E3207F31F9003BA9C3 /* MASLayoutConstraint.m */; };
		044734FA207F31F9003BA9C3 /* MASViewAttribute.m in Sources */ = {isa = PBXBuildFile; fileRef = 044734E7207F31F9003BA9C3 /* MASViewAttribute.m */; };
		044734FB207F31F9003BA9C3 /* MASViewConstraint.m in Sources */ = {isa = PBXBuildFile; fileRef = 044734E9207F31F9003BA9C3 /* MASViewConstraint.m */; };
		044734FC207F31F9003BA9C3 /* NSArray+MASAdditions.m in Sources */ = {isa = PBXBuildFile; fileRef = 044734EB207F31F9003BA9C3 /* NSArray+MASAdditions.m */; };
		044734FD207F31F9003BA9C3 /* NSLayoutConstraint+MASDebugAdditions.m in Sources */ = {isa = PBXBuildFile; fileRef = 044734EE207F31F9003BA9C3 /* NSLayoutConstraint+MASDebugAdditions.m */; };
		044734FE207F31F9003BA9C3 /* View+MASAdditions.m in Sources */ = {isa = PBXBuildFile; fileRef = 044734F0207F31F9003BA9C3 /* View+MASAdditions.m */; };
		044734FF207F31F9003BA9C3 /* ViewController+MASAdditions.m in Sources */ = {isa = PBXBuildFile; fileRef = 044734F3207F31F9003BA9C3 /* ViewController+MASAdditions.m */; };
		04473500207F31F9003BA9C3 /* README.md in Resources */ = {isa = PBXBuildFile; fileRef = 044734F4207F31F9003BA9C3 /* README.md */; };
		04473505207F331D003BA9C3 /* XXYCommonUIUtil.m in Sources */ = {isa = PBXBuildFile; fileRef = 04473502207F331D003BA9C3 /* XXYCommonUIUtil.m */; };
		044735BD207F3821003BA9C3 /* LICENSE in Resources */ = {isa = PBXBuildFile; fileRef = 04473508207F3821003BA9C3 /* LICENSE */; };
		044735BE207F3821003BA9C3 /* README.md in Resources */ = {isa = PBXBuildFile; fileRef = 04473509207F3821003BA9C3 /* README.md */; };
		044735BF207F3821003BA9C3 /* WebP.framework in Frameworks */ = {isa = PBXBuildFile; fileRef = 0447350B207F3821003BA9C3 /* WebP.framework */; };
		044735C0207F3821003BA9C3 /* NSArray+YYAdd.m in Sources */ = {isa = PBXBuildFile; fileRef = 04473510207F3821003BA9C3 /* NSArray+YYAdd.m */; };
		044735C1207F3821003BA9C3 /* NSBundle+YYAdd.m in Sources */ = {isa = PBXBuildFile; fileRef = 04473512207F3821003BA9C3 /* NSBundle+YYAdd.m */; };
		044735C2207F3821003BA9C3 /* NSData+YYAdd.m in Sources */ = {isa = PBXBuildFile; fileRef = 04473514207F3821003BA9C3 /* NSData+YYAdd.m */; };
		044735C3207F3821003BA9C3 /* NSDate+YYAdd.m in Sources */ = {isa = PBXBuildFile; fileRef = 04473516207F3821003BA9C3 /* NSDate+YYAdd.m */; };
		044735C4207F3821003BA9C3 /* NSDictionary+YYAdd.m in Sources */ = {isa = PBXBuildFile; fileRef = 04473518207F3821003BA9C3 /* NSDictionary+YYAdd.m */; };
		044735C5207F3821003BA9C3 /* NSKeyedUnarchiver+YYAdd.m in Sources */ = {isa = PBXBuildFile; fileRef = 0447351A207F3821003BA9C3 /* NSKeyedUnarchiver+YYAdd.m */; };
		044735C6207F3821003BA9C3 /* NSNotificationCenter+YYAdd.m in Sources */ = {isa = PBXBuildFile; fileRef = 0447351C207F3821003BA9C3 /* NSNotificationCenter+YYAdd.m */; };
		044735C7207F3821003BA9C3 /* NSNumber+YYAdd.m in Sources */ = {isa = PBXBuildFile; fileRef = 0447351E207F3821003BA9C3 /* NSNumber+YYAdd.m */; };
		044735C8207F3821003BA9C3 /* NSObject+YYAdd.m in Sources */ = {isa = PBXBuildFile; fileRef = 04473520207F3821003BA9C3 /* NSObject+YYAdd.m */; };
		044735C9207F3821003BA9C3 /* NSObject+YYAddForARC.m in Sources */ = {isa = PBXBuildFile; fileRef = 04473522207F3821003BA9C3 /* NSObject+YYAddForARC.m */; settings = {COMPILER_FLAGS = "-fno-objc-arc"; }; };
		044735CA207F3821003BA9C3 /* NSObject+YYAddForKVO.m in Sources */ = {isa = PBXBuildFile; fileRef = 04473524207F3821003BA9C3 /* NSObject+YYAddForKVO.m */; };
		044735CB207F3821003BA9C3 /* NSString+YYAdd.m in Sources */ = {isa = PBXBuildFile; fileRef = 04473526207F3821003BA9C3 /* NSString+YYAdd.m */; };
		044735CC207F3821003BA9C3 /* NSThread+YYAdd.m in Sources */ = {isa = PBXBuildFile; fileRef = 04473528207F3821003BA9C3 /* NSThread+YYAdd.m */; settings = {COMPILER_FLAGS = "-fno-objc-arc"; }; };
		044735CD207F3821003BA9C3 /* NSTimer+YYAdd.m in Sources */ = {isa = PBXBuildFile; fileRef = 0447352A207F3821003BA9C3 /* NSTimer+YYAdd.m */; };
		044735CE207F3821003BA9C3 /* CALayer+YYAdd.m in Sources */ = {isa = PBXBuildFile; fileRef = 0447352D207F3821003BA9C3 /* CALayer+YYAdd.m */; };
		044735CF207F3821003BA9C3 /* YYCGUtilities.m in Sources */ = {isa = PBXBuildFile; fileRef = 0447352F207F3821003BA9C3 /* YYCGUtilities.m */; };
		044735D0207F3821003BA9C3 /* UIApplication+YYAdd.m in Sources */ = {isa = PBXBuildFile; fileRef = 04473532207F3821003BA9C3 /* UIApplication+YYAdd.m */; };
		044735D1207F3821003BA9C3 /* UIBarButtonItem+YYAdd.m in Sources */ = {isa = PBXBuildFile; fileRef = 04473534207F3821003BA9C3 /* UIBarButtonItem+YYAdd.m */; };
		044735D2207F3821003BA9C3 /* UIBezierPath+YYAdd.m in Sources */ = {isa = PBXBuildFile; fileRef = 04473536207F3821003BA9C3 /* UIBezierPath+YYAdd.m */; };
		044735D3207F3821003BA9C3 /* UIColor+YYAdd.m in Sources */ = {isa = PBXBuildFile; fileRef = 04473538207F3821003BA9C3 /* UIColor+YYAdd.m */; };
		044735D4207F3821003BA9C3 /* UIControl+YYAdd.m in Sources */ = {isa = PBXBuildFile; fileRef = 0447353A207F3821003BA9C3 /* UIControl+YYAdd.m */; };
		044735D5207F3821003BA9C3 /* UIDevice+YYAdd.m in Sources */ = {isa = PBXBuildFile; fileRef = 0447353C207F3821003BA9C3 /* UIDevice+YYAdd.m */; };
		044735D6207F3821003BA9C3 /* UIFont+YYAdd.m in Sources */ = {isa = PBXBuildFile; fileRef = 0447353E207F3821003BA9C3 /* UIFont+YYAdd.m */; };
		044735D7207F3821003BA9C3 /* UIGestureRecognizer+YYAdd.m in Sources */ = {isa = PBXBuildFile; fileRef = 04473540207F3821003BA9C3 /* UIGestureRecognizer+YYAdd.m */; };
		044735D8207F3821003BA9C3 /* UIImage+YYAdd.m in Sources */ = {isa = PBXBuildFile; fileRef = 04473542207F3821003BA9C3 /* UIImage+YYAdd.m */; };
		044735D9207F3821003BA9C3 /* UIScreen+YYAdd.m in Sources */ = {isa = PBXBuildFile; fileRef = 04473544207F3821003BA9C3 /* UIScreen+YYAdd.m */; };
		044735DA207F3821003BA9C3 /* UIScrollView+YYAdd.m in Sources */ = {isa = PBXBuildFile; fileRef = 04473546207F3821003BA9C3 /* UIScrollView+YYAdd.m */; };
		044735DB207F3821003BA9C3 /* UITableView+YYAdd.m in Sources */ = {isa = PBXBuildFile; fileRef = 04473548207F3821003BA9C3 /* UITableView+YYAdd.m */; };
		044735DC207F3821003BA9C3 /* UITextField+YYAdd.m in Sources */ = {isa = PBXBuildFile; fileRef = 0447354A207F3821003BA9C3 /* UITextField+YYAdd.m */; };
		044735DD207F3821003BA9C3 /* UIView+YYAdd.m in Sources */ = {isa = PBXBuildFile; fileRef = 0447354C207F3821003BA9C3 /* UIView+YYAdd.m */; };
		044735DE207F3821003BA9C3 /* YYCache.m in Sources */ = {isa = PBXBuildFile; fileRef = 04473550207F3821003BA9C3 /* YYCache.m */; };
		044735DF207F3821003BA9C3 /* YYDiskCache.m in Sources */ = {isa = PBXBuildFile; fileRef = 04473552207F3821003BA9C3 /* YYDiskCache.m */; };
		044735E0207F3821003BA9C3 /* YYKVStorage.m in Sources */ = {isa = PBXBuildFile; fileRef = 04473554207F3821003BA9C3 /* YYKVStorage.m */; };
		044735E1207F3821003BA9C3 /* YYMemoryCache.m in Sources */ = {isa = PBXBuildFile; fileRef = 04473556207F3821003BA9C3 /* YYMemoryCache.m */; };
		044735E2207F3821003BA9C3 /* _YYWebImageSetter.m in Sources */ = {isa = PBXBuildFile; fileRef = 0447355A207F3821003BA9C3 /* _YYWebImageSetter.m */; };
		044735E3207F3821003BA9C3 /* CALayer+YYWebImage.m in Sources */ = {isa = PBXBuildFile; fileRef = 0447355C207F3821003BA9C3 /* CALayer+YYWebImage.m */; };
		044735E4207F3821003BA9C3 /* MKAnnotationView+YYWebImage.m in Sources */ = {isa = PBXBuildFile; fileRef = 0447355E207F3821003BA9C3 /* MKAnnotationView+YYWebImage.m */; };
		044735E5207F3821003BA9C3 /* UIButton+YYWebImage.m in Sources */ = {isa = PBXBuildFile; fileRef = 04473560207F3821003BA9C3 /* UIButton+YYWebImage.m */; };
		044735E6207F3821003BA9C3 /* UIImageView+YYWebImage.m in Sources */ = {isa = PBXBuildFile; fileRef = 04473562207F3821003BA9C3 /* UIImageView+YYWebImage.m */; };
		044735E7207F3821003BA9C3 /* YYAnimatedImageView.m in Sources */ = {isa = PBXBuildFile; fileRef = 04473564207F3821003BA9C3 /* YYAnimatedImageView.m */; };
		044735E8207F3821003BA9C3 /* YYFrameImage.m in Sources */ = {isa = PBXBuildFile; fileRef = 04473566207F3821003BA9C3 /* YYFrameImage.m */; };
		044735E9207F3821003BA9C3 /* YYImage.m in Sources */ = {isa = PBXBuildFile; fileRef = 04473568207F3821003BA9C3 /* YYImage.m */; };
		044735EA207F3821003BA9C3 /* YYImageCache.m in Sources */ = {isa = PBXBuildFile; fileRef = 0447356A207F3821003BA9C3 /* YYImageCache.m */; };
		044735EB207F3821003BA9C3 /* YYImageCoder.m in Sources */ = {isa = PBXBuildFile; fileRef = 0447356C207F3821003BA9C3 /* YYImageCoder.m */; };
		044735EC207F3821003BA9C3 /* YYSpriteSheetImage.m in Sources */ = {isa = PBXBuildFile; fileRef = 0447356E207F3821003BA9C3 /* YYSpriteSheetImage.m */; };
		044735ED207F3821003BA9C3 /* YYWebImageManager.m in Sources */ = {isa = PBXBuildFile; fileRef = 04473570207F3821003BA9C3 /* YYWebImageManager.m */; };
		044735EE207F3821003BA9C3 /* YYWebImageOperation.m in Sources */ = {isa = PBXBuildFile; fileRef = 04473572207F3821003BA9C3 /* YYWebImageOperation.m */; };
		044735EF207F3821003BA9C3 /* NSObject+YYModel.m in Sources */ = {isa = PBXBuildFile; fileRef = 04473575207F3821003BA9C3 /* NSObject+YYModel.m */; };
		044735F0207F3821003BA9C3 /* YYClassInfo.m in Sources */ = {isa = PBXBuildFile; fileRef = 04473577207F3821003BA9C3 /* YYClassInfo.m */; };
		044735F1207F3821003BA9C3 /* YYTextContainerView.m in Sources */ = {isa = PBXBuildFile; fileRef = 0447357B207F3821003BA9C3 /* YYTextContainerView.m */; };
		044735F2207F3821003BA9C3 /* YYTextDebugOption.m in Sources */ = {isa = PBXBuildFile; fileRef = 0447357D207F3821003BA9C3 /* YYTextDebugOption.m */; };
		044735F3207F3821003BA9C3 /* YYTextEffectWindow.m in Sources */ = {isa = PBXBuildFile; fileRef = 0447357F207F3821003BA9C3 /* YYTextEffectWindow.m */; };
		044735F4207F3821003BA9C3 /* YYTextInput.m in Sources */ = {isa = PBXBuildFile; fileRef = 04473581207F3821003BA9C3 /* YYTextInput.m */; };
		044735F5207F3821003BA9C3 /* YYTextKeyboardManager.m in Sources */ = {isa = PBXBuildFile; fileRef = 04473583207F3821003BA9C3 /* YYTextKeyboardManager.m */; };
		044735F6207F3821003BA9C3 /* YYTextLayout.m in Sources */ = {isa = PBXBuildFile; fileRef = 04473585207F3821003BA9C3 /* YYTextLayout.m */; };
		044735F7207F3821003BA9C3 /* YYTextLine.m in Sources */ = {isa = PBXBuildFile; fileRef = 04473587207F3821003BA9C3 /* YYTextLine.m */; };
		044735F8207F3821003BA9C3 /* YYTextMagnifier.m in Sources */ = {isa = PBXBuildFile; fileRef = 04473589207F3821003BA9C3 /* YYTextMagnifier.m */; };
		044735F9207F3821003BA9C3 /* YYTextSelectionView.m in Sources */ = {isa = PBXBuildFile; fileRef = 0447358B207F3821003BA9C3 /* YYTextSelectionView.m */; };
		044735FA207F3821003BA9C3 /* NSAttributedString+YYText.m in Sources */ = {isa = PBXBuildFile; fileRef = 0447358E207F3821003BA9C3 /* NSAttributedString+YYText.m */; };
		044735FB207F3821003BA9C3 /* NSParagraphStyle+YYText.m in Sources */ = {isa = PBXBuildFile; fileRef = 04473590207F3821003BA9C3 /* NSParagraphStyle+YYText.m */; };
		044735FC207F3821003BA9C3 /* UIPasteboard+YYText.m in Sources */ = {isa = PBXBuildFile; fileRef = 04473592207F3821003BA9C3 /* UIPasteboard+YYText.m */; };
		044735FD207F3821003BA9C3 /* YYTextArchiver.m in Sources */ = {isa = PBXBuildFile; fileRef = 04473594207F3821003BA9C3 /* YYTextArchiver.m */; };
		044735FE207F3821003BA9C3 /* YYTextAttribute.m in Sources */ = {isa = PBXBuildFile; fileRef = 04473596207F3821003BA9C3 /* YYTextAttribute.m */; };
		044735FF207F3821003BA9C3 /* YYTextParser.m in Sources */ = {isa = PBXBuildFile; fileRef = 04473598207F3821003BA9C3 /* YYTextParser.m */; };
		04473600207F3821003BA9C3 /* YYTextRubyAnnotation.m in Sources */ = {isa = PBXBuildFile; fileRef = 0447359A207F3821003BA9C3 /* YYTextRubyAnnotation.m */; };
		04473601207F3821003BA9C3 /* YYTextRunDelegate.m in Sources */ = {isa = PBXBuildFile; fileRef = 0447359C207F3821003BA9C3 /* YYTextRunDelegate.m */; };
		04473602207F3821003BA9C3 /* YYTextUtilities.m in Sources */ = {isa = PBXBuildFile; fileRef = 0447359E207F3821003BA9C3 /* YYTextUtilities.m */; };
		04473603207F3821003BA9C3 /* YYLabel.m in Sources */ = {isa = PBXBuildFile; fileRef = 044735A0207F3821003BA9C3 /* YYLabel.m */; };
		04473604207F3821003BA9C3 /* YYTextView.m in Sources */ = {isa = PBXBuildFile; fileRef = 044735A2207F3821003BA9C3 /* YYTextView.m */; };
		04473605207F3821003BA9C3 /* YYAsyncLayer.m in Sources */ = {isa = PBXBuildFile; fileRef = 044735A5207F3821003BA9C3 /* YYAsyncLayer.m */; };
		04473606207F3821003BA9C3 /* YYDispatchQueuePool.m in Sources */ = {isa = PBXBuildFile; fileRef = 044735A7207F3821003BA9C3 /* YYDispatchQueuePool.m */; };
		04473607207F3821003BA9C3 /* YYFileHash.m in Sources */ = {isa = PBXBuildFile; fileRef = 044735A9207F3821003BA9C3 /* YYFileHash.m */; };
		04473608207F3821003BA9C3 /* YYGestureRecognizer.m in Sources */ = {isa = PBXBuildFile; fileRef = 044735AB207F3821003BA9C3 /* YYGestureRecognizer.m */; };
		04473609207F3821003BA9C3 /* YYKeychain.m in Sources */ = {isa = PBXBuildFile; fileRef = 044735AD207F3821003BA9C3 /* YYKeychain.m */; };
		0447360A207F3821003BA9C3 /* YYReachability.m in Sources */ = {isa = PBXBuildFile; fileRef = 044735AF207F3821003BA9C3 /* YYReachability.m */; };
		0447360B207F3821003BA9C3 /* YYSentinel.m in Sources */ = {isa = PBXBuildFile; fileRef = 044735B1207F3821003BA9C3 /* YYSentinel.m */; };
		0447360C207F3821003BA9C3 /* YYThreadSafeArray.m in Sources */ = {isa = PBXBuildFile; fileRef = 044735B3207F3821003BA9C3 /* YYThreadSafeArray.m */; };
		0447360D207F3821003BA9C3 /* YYThreadSafeDictionary.m in Sources */ = {isa = PBXBuildFile; fileRef = 044735B5207F3821003BA9C3 /* YYThreadSafeDictionary.m */; };
		0447360E207F3821003BA9C3 /* YYTimer.m in Sources */ = {isa = PBXBuildFile; fileRef = 044735B7207F3821003BA9C3 /* YYTimer.m */; };
		0447360F207F3821003BA9C3 /* YYTransaction.m in Sources */ = {isa = PBXBuildFile; fileRef = 044735B9207F3821003BA9C3 /* YYTransaction.m */; };
		04473610207F3821003BA9C3 /* YYWeakProxy.m in Sources */ = {isa = PBXBuildFile; fileRef = 044735BB207F3821003BA9C3 /* YYWeakProxy.m */; };
/* End PBXBuildFile section */

/* Begin PBXContainerItemProxy section */
		044734B5207F316A003BA9C3 /* PBXContainerItemProxy */ = {
			isa = PBXContainerItemProxy;
			containerPortal = 0447349A207F3166003BA9C3 /* Project object */;
			proxyType = 1;
			remoteGlobalIDString = 044734A1207F3166003BA9C3;
			remoteInfo = CellExtand;
		};
		044734C0207F316A003BA9C3 /* PBXContainerItemProxy */ = {
			isa = PBXContainerItemProxy;
			containerPortal = 0447349A207F3166003BA9C3 /* Project object */;
			proxyType = 1;
			remoteGlobalIDString = 044734A1207F3166003BA9C3;
			remoteInfo = CellExtand;
		};
/* End PBXContainerItemProxy section */

/* Begin PBXFileReference section */
		044734A2207F3166003BA9C3 /* CellExtand.app */ = {isa = PBXFileReference; explicitFileType = wrapper.application; includeInIndex = 0; path = CellExtand.app; sourceTree = BUILT_PRODUCTS_DIR; };
		044734A5207F3166003BA9C3 /* AppDelegate.h */ = {isa = PBXFileReference; lastKnownFileType = sourcecode.c.h; path = AppDelegate.h; sourceTree = "<group>"; };
		044734A6207F3166003BA9C3 /* AppDelegate.m */ = {isa = PBXFileReference; lastKnownFileType = sourcecode.c.objc; path = AppDelegate.m; sourceTree = "<group>"; };
		044734A8207F316A003BA9C3 /* Assets.xcassets */ = {isa = PBXFileReference; lastKnownFileType = folder.assetcatalog; path = Assets.xcassets; sourceTree = "<group>"; };
		044734AB207F316A003BA9C3 /* Base */ = {isa = PBXFileReference; lastKnownFileType = file.storyboard; name = Base; path = Base.lproj/LaunchScreen.storyboard; sourceTree = "<group>"; };
		044734AD207F316A003BA9C3 /* Info.plist */ = {isa = PBXFileReference; lastKnownFileType = text.plist.xml; path = Info.plist; sourceTree = "<group>"; };
		044734AE207F316A003BA9C3 /* main.m */ = {isa = PBXFileReference; lastKnownFileType = sourcecode.c.objc; path = main.m; sourceTree = "<group>"; };
		044734B4207F316A003BA9C3 /* CellExtandTests.xctest */ = {isa = PBXFileReference; explicitFileType = wrapper.cfbundle; includeInIndex = 0; path = CellExtandTests.xctest; sourceTree = BUILT_PRODUCTS_DIR; };
		044734B8207F316A003BA9C3 /* CellExtandTests.m */ = {isa = PBXFileReference; lastKnownFileType = sourcecode.c.objc; path = CellExtandTests.m; sourceTree = "<group>"; };
		044734BA207F316A003BA9C3 /* Info.plist */ = {isa = PBXFileReference; lastKnownFileType = text.plist.xml; path = Info.plist; sourceTree = "<group>"; };
		044734BF207F316A003BA9C3 /* CellExtandUITests.xctest */ = {isa = PBXFileReference; explicitFileType = wrapper.cfbundle; includeInIndex = 0; path = CellExtandUITests.xctest; sourceTree = BUILT_PRODUCTS_DIR; };
		044734C3207F316A003BA9C3 /* CellExtandUITests.m */ = {isa = PBXFileReference; lastKnownFileType = sourcecode.c.objc; path = CellExtandUITests.m; sourceTree = "<group>"; };
		044734C5207F316A003BA9C3 /* Info.plist */ = {isa = PBXFileReference; lastKnownFileType = text.plist.xml; path = Info.plist; sourceTree = "<group>"; };
		044734D2207F31BF003BA9C3 /* RootViewController.h */ = {isa = PBXFileReference; lastKnownFileType = sourcecode.c.h; path = RootViewController.h; sourceTree = "<group>"; };
		044734D3207F31BF003BA9C3 /* RootViewController.m */ = {isa = PBXFileReference; lastKnownFileType = sourcecode.c.objc; path = RootViewController.m; sourceTree = "<group>"; };
		044734D5207F31E0003BA9C3 /* CellTableViewCell.h */ = {isa = PBXFileReference; lastKnownFileType = sourcecode.c.h; path = CellTableViewCell.h; sourceTree = "<group>"; };
		044734D6207F31E0003BA9C3 /* CellTableViewCell.m */ = {isa = PBXFileReference; lastKnownFileType = sourcecode.c.objc; path = CellTableViewCell.m; sourceTree = "<group>"; };
		044734D9207F31F9003BA9C3 /* LICENSE */ = {isa = PBXFileReference; fileEncoding = 4; lastKnownFileType = text; path = LICENSE; sourceTree = "<group>"; };
		044734DB207F31F9003BA9C3 /* MASCompositeConstraint.h */ = {isa = PBXFileReference; fileEncoding = 4; lastKnownFileType = sourcecode.c.h; path = MASCompositeConstraint.h; sourceTree = "<group>"; };
		044734DC207F31F9003BA9C3 /* MASCompositeConstraint.m */ = {isa = PBXFileReference; fileEncoding = 4; lastKnownFileType = sourcecode.c.objc; path = MASCompositeConstraint.m; sourceTree = "<group>"; };
		044734DD207F31F9003BA9C3 /* MASConstraint+Private.h */ = {isa = PBXFileReference; fileEncoding = 4; lastKnownFileType = sourcecode.c.h; path = "MASConstraint+Private.h"; sourceTree = "<group>"; };
		044734DE207F31F9003BA9C3 /* MASConstraint.h */ = {isa = PBXFileReference; fileEncoding = 4; lastKnownFileType = sourcecode.c.h; path = MASConstraint.h; sourceTree = "<group>"; };
		044734DF207F31F9003BA9C3 /* MASConstraint.m */ = {isa = PBXFileReference; fileEncoding = 4; lastKnownFileType = sourcecode.c.objc; path = MASConstraint.m; sourceTree = "<group>"; };
		044734E0207F31F9003BA9C3 /* MASConstraintMaker.h */ = {isa = PBXFileReference; fileEncoding = 4; lastKnownFileType = sourcecode.c.h; path = MASConstraintMaker.h; sourceTree = "<group>"; };
		044734E1207F31F9003BA9C3 /* MASConstraintMaker.m */ = {isa = PBXFileReference; fileEncoding = 4; lastKnownFileType = sourcecode.c.objc; path = MASConstraintMaker.m; sourceTree = "<group>"; };
		044734E2207F31F9003BA9C3 /* MASLayoutConstraint.h */ = {isa = PBXFileReference; fileEncoding = 4; lastKnownFileType = sourcecode.c.h; path = MASLayoutConstraint.h; sourceTree = "<group>"; };
		044734E3207F31F9003BA9C3 /* MASLayoutConstraint.m */ = {isa = PBXFileReference; fileEncoding = 4; lastKnownFileType = sourcecode.c.objc; path = MASLayoutConstraint.m; sourceTree = "<group>"; };
		044734E4207F31F9003BA9C3 /* Masonry.h */ = {isa = PBXFileReference; fileEncoding = 4; lastKnownFileType = sourcecode.c.h; path = Masonry.h; sourceTree = "<group>"; };
		044734E5207F31F9003BA9C3 /* MASUtilities.h */ = {isa = PBXFileReference; fileEncoding = 4; lastKnownFileType = sourcecode.c.h; path = MASUtilities.h; sourceTree = "<group>"; };
		044734E6207F31F9003BA9C3 /* MASViewAttribute.h */ = {isa = PBXFileReference; fileEncoding = 4; lastKnownFileType = sourcecode.c.h; path = MASViewAttribute.h; sourceTree = "<group>"; };
		044734E7207F31F9003BA9C3 /* MASViewAttribute.m */ = {isa = PBXFileReference; fileEncoding = 4; lastKnownFileType = sourcecode.c.objc; path = MASViewAttribute.m; sourceTree = "<group>"; };
		044734E8207F31F9003BA9C3 /* MASViewConstraint.h */ = {isa = PBXFileReference; fileEncoding = 4; lastKnownFileType = sourcecode.c.h; path = MASViewConstraint.h; sourceTree = "<group>"; };
		044734E9207F31F9003BA9C3 /* MASViewConstraint.m */ = {isa = PBXFileReference; fileEncoding = 4; lastKnownFileType = sourcecode.c.objc; path = MASViewConstraint.m; sourceTree = "<group>"; };
		044734EA207F31F9003BA9C3 /* NSArray+MASAdditions.h */ = {isa = PBXFileReference; fileEncoding = 4; lastKnownFileType = sourcecode.c.h; path = "NSArray+MASAdditions.h"; sourceTree = "<group>"; };
		044734EB207F31F9003BA9C3 /* NSArray+MASAdditions.m */ = {isa = PBXFileReference; fileEncoding = 4; lastKnownFileType = sourcecode.c.objc; path = "NSArray+MASAdditions.m"; sourceTree = "<group>"; };
		044734EC207F31F9003BA9C3 /* NSArray+MASShorthandAdditions.h */ = {isa = PBXFileReference; fileEncoding = 4; lastKnownFileType = sourcecode.c.h; path = "NSArray+MASShorthandAdditions.h"; sourceTree = "<group>"; };
		044734ED207F31F9003BA9C3 /* NSLayoutConstraint+MASDebugAdditions.h */ = {isa = PBXFileReference; fileEncoding = 4; lastKnownFileType = sourcecode.c.h; path = "NSLayoutConstraint+MASDebugAdditions.h"; sourceTree = "<group>"; };
		044734EE207F31F9003BA9C3 /* NSLayoutConstraint+MASDebugAdditions.m */ = {isa = PBXFileReference; fileEncoding = 4; lastKnownFileType = sourcecode.c.objc; path = "NSLayoutConstraint+MASDebugAdditions.m"; sourceTree = "<group>"; };
		044734EF207F31F9003BA9C3 /* View+MASAdditions.h */ = {isa = PBXFileReference; fileEncoding = 4; lastKnownFileType = sourcecode.c.h; path = "View+MASAdditions.h"; sourceTree = "<group>"; };
		044734F0207F31F9003BA9C3 /* View+MASAdditions.m */ = {isa = PBXFileReference; fileEncoding = 4; lastKnownFileType = sourcecode.c.objc; path = "View+MASAdditions.m"; sourceTree = "<group>"; };
		044734F1207F31F9003BA9C3 /* View+MASShorthandAdditions.h */ = {isa = PBXFileReference; fileEncoding = 4; lastKnownFileType = sourcecode.c.h; path = "View+MASShorthandAdditions.h"; sourceTree = "<group>"; };
		044734F2207F31F9003BA9C3 /* ViewController+MASAdditions.h */ = {isa = PBXFileReference; fileEncoding = 4; lastKnownFileType = sourcecode.c.h; path = "ViewController+MASAdditions.h"; sourceTree = "<group>"; };
		044734F3207F31F9003BA9C3 /* ViewController+MASAdditions.m */ = {isa = PBXFileReference; fileEncoding = 4; lastKnownFileType = sourcecode.c.objc; path = "ViewController+MASAdditions.m"; sourceTree = "<group>"; };
		044734F4207F31F9003BA9C3 /* README.md */ = {isa = PBXFileReference; fileEncoding = 4; lastKnownFileType = net.daringfireball.markdown; path = README.md; sourceTree = "<group>"; };
		04473502207F331D003BA9C3 /* XXYCommonUIUtil.m */ = {isa = PBXFileReference; fileEncoding = 4; lastKnownFileType = sourcecode.c.objc; path = XXYCommonUIUtil.m; sourceTree = "<group>"; };
		04473504207F331D003BA9C3 /* XXYCommonUIUtil.h */ = {isa = PBXFileReference; fileEncoding = 4; lastKnownFileType = sourcecode.c.h; path = XXYCommonUIUtil.h; sourceTree = "<group>"; };
		04473508207F3821003BA9C3 /* LICENSE */ = {isa = PBXFileReference; fileEncoding = 4; lastKnownFileType = text; path = LICENSE; sourceTree = "<group>"; };
		04473509207F3821003BA9C3 /* README.md */ = {isa = PBXFileReference; fileEncoding = 4; lastKnownFileType = net.daringfireball.markdown; path = README.md; sourceTree = "<group>"; };
		0447350B207F3821003BA9C3 /* WebP.framework */ = {isa = PBXFileReference; lastKnownFileType = wrapper.framework; path = WebP.framework; sourceTree = "<group>"; };
		0447350F207F3821003BA9C3 /* NSArray+YYAdd.h */ = {isa = PBXFileReference; fileEncoding = 4; lastKnownFileType = sourcecode.c.h; path = "NSArray+YYAdd.h"; sourceTree = "<group>"; };
		04473510207F3821003BA9C3 /* NSArray+YYAdd.m */ = {isa = PBXFileReference; fileEncoding = 4; lastKnownFileType = sourcecode.c.objc; path = "NSArray+YYAdd.m"; sourceTree = "<group>"; };
		04473511207F3821003BA9C3 /* NSBundle+YYAdd.h */ = {isa = PBXFileReference; fileEncoding = 4; lastKnownFileType = sourcecode.c.h; path = "NSBundle+YYAdd.h"; sourceTree = "<group>"; };
		04473512207F3821003BA9C3 /* NSBundle+YYAdd.m */ = {isa = PBXFileReference; fileEncoding = 4; lastKnownFileType = sourcecode.c.objc; path = "NSBundle+YYAdd.m"; sourceTree = "<group>"; };
		04473513207F3821003BA9C3 /* NSData+YYAdd.h */ = {isa = PBXFileReference; fileEncoding = 4; lastKnownFileType = sourcecode.c.h; path = "NSData+YYAdd.h"; sourceTree = "<group>"; };
		04473514207F3821003BA9C3 /* NSData+YYAdd.m */ = {isa = PBXFileReference; fileEncoding = 4; lastKnownFileType = sourcecode.c.objc; path = "NSData+YYAdd.m"; sourceTree = "<group>"; };
		04473515207F3821003BA9C3 /* NSDate+YYAdd.h */ = {isa = PBXFileReference; fileEncoding = 4; lastKnownFileType = sourcecode.c.h; path = "NSDate+YYAdd.h"; sourceTree = "<group>"; };
		04473516207F3821003BA9C3 /* NSDate+YYAdd.m */ = {isa = PBXFileReference; fileEncoding = 4; lastKnownFileType = sourcecode.c.objc; path = "NSDate+YYAdd.m"; sourceTree = "<group>"; };
		04473517207F3821003BA9C3 /* NSDictionary+YYAdd.h */ = {isa = PBXFileReference; fileEncoding = 4; lastKnownFileType = sourcecode.c.h; path = "NSDictionary+YYAdd.h"; sourceTree = "<group>"; };
		04473518207F3821003BA9C3 /* NSDictionary+YYAdd.m */ = {isa = PBXFileReference; fileEncoding = 4; lastKnownFileType = sourcecode.c.objc; path = "NSDictionary+YYAdd.m"; sourceTree = "<group>"; };
		04473519207F3821003BA9C3 /* NSKeyedUnarchiver+YYAdd.h */ = {isa = PBXFileReference; fileEncoding = 4; lastKnownFileType = sourcecode.c.h; path = "NSKeyedUnarchiver+YYAdd.h"; sourceTree = "<group>"; };
		0447351A207F3821003BA9C3 /* NSKeyedUnarchiver+YYAdd.m */ = {isa = PBXFileReference; fileEncoding = 4; lastKnownFileType = sourcecode.c.objc; path = "NSKeyedUnarchiver+YYAdd.m"; sourceTree = "<group>"; };
		0447351B207F3821003BA9C3 /* NSNotificationCenter+YYAdd.h */ = {isa = PBXFileReference; fileEncoding = 4; lastKnownFileType = sourcecode.c.h; path = "NSNotificationCenter+YYAdd.h"; sourceTree = "<group>"; };
		0447351C207F3821003BA9C3 /* NSNotificationCenter+YYAdd.m */ = {isa = PBXFileReference; fileEncoding = 4; lastKnownFileType = sourcecode.c.objc; path = "NSNotificationCenter+YYAdd.m"; sourceTree = "<group>"; };
		0447351D207F3821003BA9C3 /* NSNumber+YYAdd.h */ = {isa = PBXFileReference; fileEncoding = 4; lastKnownFileType = sourcecode.c.h; path = "NSNumber+YYAdd.h"; sourceTree = "<group>"; };
		0447351E207F3821003BA9C3 /* NSNumber+YYAdd.m */ = {isa = PBXFileReference; fileEncoding = 4; lastKnownFileType = sourcecode.c.objc; path = "NSNumber+YYAdd.m"; sourceTree = "<group>"; };
		0447351F207F3821003BA9C3 /* NSObject+YYAdd.h */ = {isa = PBXFileReference; fileEncoding = 4; lastKnownFileType = sourcecode.c.h; path = "NSObject+YYAdd.h"; sourceTree = "<group>"; };
		04473520207F3821003BA9C3 /* NSObject+YYAdd.m */ = {isa = PBXFileReference; fileEncoding = 4; lastKnownFileType = sourcecode.c.objc; path = "NSObject+YYAdd.m"; sourceTree = "<group>"; };
		04473521207F3821003BA9C3 /* NSObject+YYAddForARC.h */ = {isa = PBXFileReference; fileEncoding = 4; lastKnownFileType = sourcecode.c.h; path = "NSObject+YYAddForARC.h"; sourceTree = "<group>"; };
		04473522207F3821003BA9C3 /* NSObject+YYAddForARC.m */ = {isa = PBXFileReference; fileEncoding = 4; lastKnownFileType = sourcecode.c.objc; path = "NSObject+YYAddForARC.m"; sourceTree = "<group>"; };
		04473523207F3821003BA9C3 /* NSObject+YYAddForKVO.h */ = {isa = PBXFileReference; fileEncoding = 4; lastKnownFileType = sourcecode.c.h; path = "NSObject+YYAddForKVO.h"; sourceTree = "<group>"; };
		04473524207F3821003BA9C3 /* NSObject+YYAddForKVO.m */ = {isa = PBXFileReference; fileEncoding = 4; lastKnownFileType = sourcecode.c.objc; path = "NSObject+YYAddForKVO.m"; sourceTree = "<group>"; };
		04473525207F3821003BA9C3 /* NSString+YYAdd.h */ = {isa = PBXFileReference; fileEncoding = 4; lastKnownFileType = sourcecode.c.h; path = "NSString+YYAdd.h"; sourceTree = "<group>"; };
		04473526207F3821003BA9C3 /* NSString+YYAdd.m */ = {isa = PBXFileReference; fileEncoding = 4; lastKnownFileType = sourcecode.c.objc; path = "NSString+YYAdd.m"; sourceTree = "<group>"; };
		04473527207F3821003BA9C3 /* NSThread+YYAdd.h */ = {isa = PBXFileReference; fileEncoding = 4; lastKnownFileType = sourcecode.c.h; path = "NSThread+YYAdd.h"; sourceTree = "<group>"; };
		04473528207F3821003BA9C3 /* NSThread+YYAdd.m */ = {isa = PBXFileReference; fileEncoding = 4; lastKnownFileType = sourcecode.c.objc; path = "NSThread+YYAdd.m"; sourceTree = "<group>"; };
		04473529207F3821003BA9C3 /* NSTimer+YYAdd.h */ = {isa = PBXFileReference; fileEncoding = 4; lastKnownFileType = sourcecode.c.h; path = "NSTimer+YYAdd.h"; sourceTree = "<group>"; };
		0447352A207F3821003BA9C3 /* NSTimer+YYAdd.m */ = {isa = PBXFileReference; fileEncoding = 4; lastKnownFileType = sourcecode.c.objc; path = "NSTimer+YYAdd.m"; sourceTree = "<group>"; };
		0447352C207F3821003BA9C3 /* CALayer+YYAdd.h */ = {isa = PBXFileReference; fileEncoding = 4; lastKnownFileType = sourcecode.c.h; path = "CALayer+YYAdd.h"; sourceTree = "<group>"; };
		0447352D207F3821003BA9C3 /* CALayer+YYAdd.m */ = {isa = PBXFileReference; fileEncoding = 4; lastKnownFileType = sourcecode.c.objc; path = "CALayer+YYAdd.m"; sourceTree = "<group>"; };
		0447352E207F3821003BA9C3 /* YYCGUtilities.h */ = {isa = PBXFileReference; fileEncoding = 4; lastKnownFileType = sourcecode.c.h; path = YYCGUtilities.h; sourceTree = "<group>"; };
		0447352F207F3821003BA9C3 /* YYCGUtilities.m */ = {isa = PBXFileReference; fileEncoding = 4; lastKnownFileType = sourcecode.c.objc; path = YYCGUtilities.m; sourceTree = "<group>"; };
		04473531207F3821003BA9C3 /* UIApplication+YYAdd.h */ = {isa = PBXFileReference; fileEncoding = 4; lastKnownFileType = sourcecode.c.h; path = "UIApplication+YYAdd.h"; sourceTree = "<group>"; };
		04473532207F3821003BA9C3 /* UIApplication+YYAdd.m */ = {isa = PBXFileReference; fileEncoding = 4; lastKnownFileType = sourcecode.c.objc; path = "UIApplication+YYAdd.m"; sourceTree = "<group>"; };
		04473533207F3821003BA9C3 /* UIBarButtonItem+YYAdd.h */ = {isa = PBXFileReference; fileEncoding = 4; lastKnownFileType = sourcecode.c.h; path = "UIBarButtonItem+YYAdd.h"; sourceTree = "<group>"; };
		04473534207F3821003BA9C3 /* UIBarButtonItem+YYAdd.m */ = {isa = PBXFileReference; fileEncoding = 4; lastKnownFileType = sourcecode.c.objc; path = "UIBarButtonItem+YYAdd.m"; sourceTree = "<group>"; };
		04473535207F3821003BA9C3 /* UIBezierPath+YYAdd.h */ = {isa = PBXFileReference; fileEncoding = 4; lastKnownFileType = sourcecode.c.h; path = "UIBezierPath+YYAdd.h"; sourceTree = "<group>"; };
		04473536207F3821003BA9C3 /* UIBezierPath+YYAdd.m */ = {isa = PBXFileReference; fileEncoding = 4; lastKnownFileType = sourcecode.c.objc; path = "UIBezierPath+YYAdd.m"; sourceTree = "<group>"; };
		04473537207F3821003BA9C3 /* UIColor+YYAdd.h */ = {isa = PBXFileReference; fileEncoding = 4; lastKnownFileType = sourcecode.c.h; path = "UIColor+YYAdd.h"; sourceTree = "<group>"; };
		04473538207F3821003BA9C3 /* UIColor+YYAdd.m */ = {isa = PBXFileReference; fileEncoding = 4; lastKnownFileType = sourcecode.c.objc; path = "UIColor+YYAdd.m"; sourceTree = "<group>"; };
		04473539207F3821003BA9C3 /* UIControl+YYAdd.h */ = {isa = PBXFileReference; fileEncoding = 4; lastKnownFileType = sourcecode.c.h; path = "UIControl+YYAdd.h"; sourceTree = "<group>"; };
		0447353A207F3821003BA9C3 /* UIControl+YYAdd.m */ = {isa = PBXFileReference; fileEncoding = 4; lastKnownFileType = sourcecode.c.objc; path = "UIControl+YYAdd.m"; sourceTree = "<group>"; };
		0447353B207F3821003BA9C3 /* UIDevice+YYAdd.h */ = {isa = PBXFileReference; fileEncoding = 4; lastKnownFileType = sourcecode.c.h; path = "UIDevice+YYAdd.h"; sourceTree = "<group>"; };
		0447353C207F3821003BA9C3 /* UIDevice+YYAdd.m */ = {isa = PBXFileReference; fileEncoding = 4; lastKnownFileType = sourcecode.c.objc; path = "UIDevice+YYAdd.m"; sourceTree = "<group>"; };
		0447353D207F3821003BA9C3 /* UIFont+YYAdd.h */ = {isa = PBXFileReference; fileEncoding = 4; lastKnownFileType = sourcecode.c.h; path = "UIFont+YYAdd.h"; sourceTree = "<group>"; };
		0447353E207F3821003BA9C3 /* UIFont+YYAdd.m */ = {isa = PBXFileReference; fileEncoding = 4; lastKnownFileType = sourcecode.c.objc; path = "UIFont+YYAdd.m"; sourceTree = "<group>"; };
		0447353F207F3821003BA9C3 /* UIGestureRecognizer+YYAdd.h */ = {isa = PBXFileReference; fileEncoding = 4; lastKnownFileType = sourcecode.c.h; path = "UIGestureRecognizer+YYAdd.h"; sourceTree = "<group>"; };
		04473540207F3821003BA9C3 /* UIGestureRecognizer+YYAdd.m */ = {isa = PBXFileReference; fileEncoding = 4; lastKnownFileType = sourcecode.c.objc; path = "UIGestureRecognizer+YYAdd.m"; sourceTree = "<group>"; };
		04473541207F3821003BA9C3 /* UIImage+YYAdd.h */ = {isa = PBXFileReference; fileEncoding = 4; lastKnownFileType = sourcecode.c.h; path = "UIImage+YYAdd.h"; sourceTree = "<group>"; };
		04473542207F3821003BA9C3 /* UIImage+YYAdd.m */ = {isa = PBXFileReference; fileEncoding = 4; lastKnownFileType = sourcecode.c.objc; path = "UIImage+YYAdd.m"; sourceTree = "<group>"; };
		04473543207F3821003BA9C3 /* UIScreen+YYAdd.h */ = {isa = PBXFileReference; fileEncoding = 4; lastKnownFileType = sourcecode.c.h; path = "UIScreen+YYAdd.h"; sourceTree = "<group>"; };
		04473544207F3821003BA9C3 /* UIScreen+YYAdd.m */ = {isa = PBXFileReference; fileEncoding = 4; lastKnownFileType = sourcecode.c.objc; path = "UIScreen+YYAdd.m"; sourceTree = "<group>"; };
		04473545207F3821003BA9C3 /* UIScrollView+YYAdd.h */ = {isa = PBXFileReference; fileEncoding = 4; lastKnownFileType = sourcecode.c.h; path = "UIScrollView+YYAdd.h"; sourceTree = "<group>"; };
		04473546207F3821003BA9C3 /* UIScrollView+YYAdd.m */ = {isa = PBXFileReference; fileEncoding = 4; lastKnownFileType = sourcecode.c.objc; path = "UIScrollView+YYAdd.m"; sourceTree = "<group>"; };
		04473547207F3821003BA9C3 /* UITableView+YYAdd.h */ = {isa = PBXFileReference; fileEncoding = 4; lastKnownFileType = sourcecode.c.h; path = "UITableView+YYAdd.h"; sourceTree = "<group>"; };
		04473548207F3821003BA9C3 /* UITableView+YYAdd.m */ = {isa = PBXFileReference; fileEncoding = 4; lastKnownFileType = sourcecode.c.objc; path = "UITableView+YYAdd.m"; sourceTree = "<group>"; };
		04473549207F3821003BA9C3 /* UITextField+YYAdd.h */ = {isa = PBXFileReference; fileEncoding = 4; lastKnownFileType = sourcecode.c.h; path = "UITextField+YYAdd.h"; sourceTree = "<group>"; };
		0447354A207F3821003BA9C3 /* UITextField+YYAdd.m */ = {isa = PBXFileReference; fileEncoding = 4; lastKnownFileType = sourcecode.c.objc; path = "UITextField+YYAdd.m"; sourceTree = "<group>"; };
		0447354B207F3821003BA9C3 /* UIView+YYAdd.h */ = {isa = PBXFileReference; fileEncoding = 4; lastKnownFileType = sourcecode.c.h; path = "UIView+YYAdd.h"; sourceTree = "<group>"; };
		0447354C207F3821003BA9C3 /* UIView+YYAdd.m */ = {isa = PBXFileReference; fileEncoding = 4; lastKnownFileType = sourcecode.c.objc; path = "UIView+YYAdd.m"; sourceTree = "<group>"; };
		0447354D207F3821003BA9C3 /* YYKitMacro.h */ = {isa = PBXFileReference; fileEncoding = 4; lastKnownFileType = sourcecode.c.h; path = YYKitMacro.h; sourceTree = "<group>"; };
		0447354F207F3821003BA9C3 /* YYCache.h */ = {isa = PBXFileReference; fileEncoding = 4; lastKnownFileType = sourcecode.c.h; path = YYCache.h; sourceTree = "<group>"; };
		04473550207F3821003BA9C3 /* YYCache.m */ = {isa = PBXFileReference; fileEncoding = 4; lastKnownFileType = sourcecode.c.objc; path = YYCache.m; sourceTree = "<group>"; };
		04473551207F3821003BA9C3 /* YYDiskCache.h */ = {isa = PBXFileReference; fileEncoding = 4; lastKnownFileType = sourcecode.c.h; path = YYDiskCache.h; sourceTree = "<group>"; };
		04473552207F3821003BA9C3 /* YYDiskCache.m */ = {isa = PBXFileReference; fileEncoding = 4; lastKnownFileType = sourcecode.c.objc; path = YYDiskCache.m; sourceTree = "<group>"; };
		04473553207F3821003BA9C3 /* YYKVStorage.h */ = {isa = PBXFileReference; fileEncoding = 4; lastKnownFileType = sourcecode.c.h; path = YYKVStorage.h; sourceTree = "<group>"; };
		04473554207F3821003BA9C3 /* YYKVStorage.m */ = {isa = PBXFileReference; fileEncoding = 4; lastKnownFileType = sourcecode.c.objc; path = YYKVStorage.m; sourceTree = "<group>"; };
		04473555207F3821003BA9C3 /* YYMemoryCache.h */ = {isa = PBXFileReference; fileEncoding = 4; lastKnownFileType = sourcecode.c.h; path = YYMemoryCache.h; sourceTree = "<group>"; };
		04473556207F3821003BA9C3 /* YYMemoryCache.m */ = {isa = PBXFileReference; fileEncoding = 4; lastKnownFileType = sourcecode.c.objc; path = YYMemoryCache.m; sourceTree = "<group>"; };
		04473559207F3821003BA9C3 /* _YYWebImageSetter.h */ = {isa = PBXFileReference; fileEncoding = 4; lastKnownFileType = sourcecode.c.h; path = _YYWebImageSetter.h; sourceTree = "<group>"; };
		0447355A207F3821003BA9C3 /* _YYWebImageSetter.m */ = {isa = PBXFileReference; fileEncoding = 4; lastKnownFileType = sourcecode.c.objc; path = _YYWebImageSetter.m; sourceTree = "<group>"; };
		0447355B207F3821003BA9C3 /* CALayer+YYWebImage.h */ = {isa = PBXFileReference; fileEncoding = 4; lastKnownFileType = sourcecode.c.h; path = "CALayer+YYWebImage.h"; sourceTree = "<group>"; };
		0447355C207F3821003BA9C3 /* CALayer+YYWebImage.m */ = {isa = PBXFileReference; fileEncoding = 4; lastKnownFileType = sourcecode.c.objc; path = "CALayer+YYWebImage.m"; sourceTree = "<group>"; };
		0447355D207F3821003BA9C3 /* MKAnnotationView+YYWebImage.h */ = {isa = PBXFileReference; fileEncoding = 4; lastKnownFileType = sourcecode.c.h; path = "MKAnnotationView+YYWebImage.h"; sourceTree = "<group>"; };
		0447355E207F3821003BA9C3 /* MKAnnotationView+YYWebImage.m */ = {isa = PBXFileReference; fileEncoding = 4; lastKnownFileType = sourcecode.c.objc; path = "MKAnnotationView+YYWebImage.m"; sourceTree = "<group>"; };
		0447355F207F3821003BA9C3 /* UIButton+YYWebImage.h */ = {isa = PBXFileReference; fileEncoding = 4; lastKnownFileType = sourcecode.c.h; path = "UIButton+YYWebImage.h"; sourceTree = "<group>"; };
		04473560207F3821003BA9C3 /* UIButton+YYWebImage.m */ = {isa = PBXFileReference; fileEncoding = 4; lastKnownFileType = sourcecode.c.objc; path = "UIButton+YYWebImage.m"; sourceTree = "<group>"; };
		04473561207F3821003BA9C3 /* UIImageView+YYWebImage.h */ = {isa = PBXFileReference; fileEncoding = 4; lastKnownFileType = sourcecode.c.h; path = "UIImageView+YYWebImage.h"; sourceTree = "<group>"; };
		04473562207F3821003BA9C3 /* UIImageView+YYWebImage.m */ = {isa = PBXFileReference; fileEncoding = 4; lastKnownFileType = sourcecode.c.objc; path = "UIImageView+YYWebImage.m"; sourceTree = "<group>"; };
		04473563207F3821003BA9C3 /* YYAnimatedImageView.h */ = {isa = PBXFileReference; fileEncoding = 4; lastKnownFileType = sourcecode.c.h; path = YYAnimatedImageView.h; sourceTree = "<group>"; };
		04473564207F3821003BA9C3 /* YYAnimatedImageView.m */ = {isa = PBXFileReference; fileEncoding = 4; lastKnownFileType = sourcecode.c.objc; path = YYAnimatedImageView.m; sourceTree = "<group>"; };
		04473565207F3821003BA9C3 /* YYFrameImage.h */ = {isa = PBXFileReference; fileEncoding = 4; lastKnownFileType = sourcecode.c.h; path = YYFrameImage.h; sourceTree = "<group>"; };
		04473566207F3821003BA9C3 /* YYFrameImage.m */ = {isa = PBXFileReference; fileEncoding = 4; lastKnownFileType = sourcecode.c.objc; path = YYFrameImage.m; sourceTree = "<group>"; };
		04473567207F3821003BA9C3 /* YYImage.h */ = {isa = PBXFileReference; fileEncoding = 4; lastKnownFileType = sourcecode.c.h; path = YYImage.h; sourceTree = "<group>"; };
		04473568207F3821003BA9C3 /* YYImage.m */ = {isa = PBXFileReference; fileEncoding = 4; lastKnownFileType = sourcecode.c.objc; path = YYImage.m; sourceTree = "<group>"; };
		04473569207F3821003BA9C3 /* YYImageCache.h */ = {isa = PBXFileReference; fileEncoding = 4; lastKnownFileType = sourcecode.c.h; path = YYImageCache.h; sourceTree = "<group>"; };
		0447356A207F3821003BA9C3 /* YYImageCache.m */ = {isa = PBXFileReference; fileEncoding = 4; lastKnownFileType = sourcecode.c.objc; path = YYImageCache.m; sourceTree = "<group>"; };
		0447356B207F3821003BA9C3 /* YYImageCoder.h */ = {isa = PBXFileReference; fileEncoding = 4; lastKnownFileType = sourcecode.c.h; path = YYImageCoder.h; sourceTree = "<group>"; };
		0447356C207F3821003BA9C3 /* YYImageCoder.m */ = {isa = PBXFileReference; fileEncoding = 4; lastKnownFileType = sourcecode.c.objc; path = YYImageCoder.m; sourceTree = "<group>"; };
		0447356D207F3821003BA9C3 /* YYSpriteSheetImage.h */ = {isa = PBXFileReference; fileEncoding = 4; lastKnownFileType = sourcecode.c.h; path = YYSpriteSheetImage.h; sourceTree = "<group>"; };
		0447356E207F3821003BA9C3 /* YYSpriteSheetImage.m */ = {isa = PBXFileReference; fileEncoding = 4; lastKnownFileType = sourcecode.c.objc; path = YYSpriteSheetImage.m; sourceTree = "<group>"; };
		0447356F207F3821003BA9C3 /* YYWebImageManager.h */ = {isa = PBXFileReference; fileEncoding = 4; lastKnownFileType = sourcecode.c.h; path = YYWebImageManager.h; sourceTree = "<group>"; };
		04473570207F3821003BA9C3 /* YYWebImageManager.m */ = {isa = PBXFileReference; fileEncoding = 4; lastKnownFileType = sourcecode.c.objc; path = YYWebImageManager.m; sourceTree = "<group>"; };
		04473571207F3821003BA9C3 /* YYWebImageOperation.h */ = {isa = PBXFileReference; fileEncoding = 4; lastKnownFileType = sourcecode.c.h; path = YYWebImageOperation.h; sourceTree = "<group>"; };
		04473572207F3821003BA9C3 /* YYWebImageOperation.m */ = {isa = PBXFileReference; fileEncoding = 4; lastKnownFileType = sourcecode.c.objc; path = YYWebImageOperation.m; sourceTree = "<group>"; };
		04473574207F3821003BA9C3 /* NSObject+YYModel.h */ = {isa = PBXFileReference; fileEncoding = 4; lastKnownFileType = sourcecode.c.h; path = "NSObject+YYModel.h"; sourceTree = "<group>"; };
		04473575207F3821003BA9C3 /* NSObject+YYModel.m */ = {isa = PBXFileReference; fileEncoding = 4; lastKnownFileType = sourcecode.c.objc; path = "NSObject+YYModel.m"; sourceTree = "<group>"; };
		04473576207F3821003BA9C3 /* YYClassInfo.h */ = {isa = PBXFileReference; fileEncoding = 4; lastKnownFileType = sourcecode.c.h; path = YYClassInfo.h; sourceTree = "<group>"; };
		04473577207F3821003BA9C3 /* YYClassInfo.m */ = {isa = PBXFileReference; fileEncoding = 4; lastKnownFileType = sourcecode.c.objc; path = YYClassInfo.m; sourceTree = "<group>"; };
		0447357A207F3821003BA9C3 /* YYTextContainerView.h */ = {isa = PBXFileReference; fileEncoding = 4; lastKnownFileType = sourcecode.c.h; path = YYTextContainerView.h; sourceTree = "<group>"; };
		0447357B207F3821003BA9C3 /* YYTextContainerView.m */ = {isa = PBXFileReference; fileEncoding = 4; lastKnownFileType = sourcecode.c.objc; path = YYTextContainerView.m; sourceTree = "<group>"; };
		0447357C207F3821003BA9C3 /* YYTextDebugOption.h */ = {isa = PBXFileReference; fileEncoding = 4; lastKnownFileType = sourcecode.c.h; path = YYTextDebugOption.h; sourceTree = "<group>"; };
		0447357D207F3821003BA9C3 /* YYTextDebugOption.m */ = {isa = PBXFileReference; fileEncoding = 4; lastKnownFileType = sourcecode.c.objc; path = YYTextDebugOption.m; sourceTree = "<group>"; };
		0447357E207F3821003BA9C3 /* YYTextEffectWindow.h */ = {isa = PBXFileReference; fileEncoding = 4; lastKnownFileType = sourcecode.c.h; path = YYTextEffectWindow.h; sourceTree = "<group>"; };
		0447357F207F3821003BA9C3 /* YYTextEffectWindow.m */ = {isa = PBXFileReference; fileEncoding = 4; lastKnownFileType = sourcecode.c.objc; path = YYTextEffectWindow.m; sourceTree = "<group>"; };
		04473580207F3821003BA9C3 /* YYTextInput.h */ = {isa = PBXFileReference; fileEncoding = 4; lastKnownFileType = sourcecode.c.h; path = YYTextInput.h; sourceTree = "<group>"; };
		04473581207F3821003BA9C3 /* YYTextInput.m */ = {isa = PBXFileReference; fileEncoding = 4; lastKnownFileType = sourcecode.c.objc; path = YYTextInput.m; sourceTree = "<group>"; };
		04473582207F3821003BA9C3 /* YYTextKeyboardManager.h */ = {isa = PBXFileReference; fileEncoding = 4; lastKnownFileType = sourcecode.c.h; path = YYTextKeyboardManager.h; sourceTree = "<group>"; };
		04473583207F3821003BA9C3 /* YYTextKeyboardManager.m */ = {isa = PBXFileReference; fileEncoding = 4; lastKnownFileType = sourcecode.c.objc; path = YYTextKeyboardManager.m; sourceTree = "<group>"; };
		04473584207F3821003BA9C3 /* YYTextLayout.h */ = {isa = PBXFileReference; fileEncoding = 4; lastKnownFileType = sourcecode.c.h; path = YYTextLayout.h; sourceTree = "<group>"; };
		04473585207F3821003BA9C3 /* YYTextLayout.m */ = {isa = PBXFileReference; fileEncoding = 4; lastKnownFileType = sourcecode.c.objc; path = YYTextLayout.m; sourceTree = "<group>"; };
		04473586207F3821003BA9C3 /* YYTextLine.h */ = {isa = PBXFileReference; fileEncoding = 4; lastKnownFileType = sourcecode.c.h; path = YYTextLine.h; sourceTree = "<group>"; };
		04473587207F3821003BA9C3 /* YYTextLine.m */ = {isa = PBXFileReference; fileEncoding = 4; lastKnownFileType = sourcecode.c.objc; path = YYTextLine.m; sourceTree = "<group>"; };
		04473588207F3821003BA9C3 /* YYTextMagnifier.h */ = {isa = PBXFileReference; fileEncoding = 4; lastKnownFileType = sourcecode.c.h; path = YYTextMagnifier.h; sourceTree = "<group>"; };
		04473589207F3821003BA9C3 /* YYTextMagnifier.m */ = {isa = PBXFileReference; fileEncoding = 4; lastKnownFileType = sourcecode.c.objc; path = YYTextMagnifier.m; sourceTree = "<group>"; };
		0447358A207F3821003BA9C3 /* YYTextSelectionView.h */ = {isa = PBXFileReference; fileEncoding = 4; lastKnownFileType = sourcecode.c.h; path = YYTextSelectionView.h; sourceTree = "<group>"; };
		0447358B207F3821003BA9C3 /* YYTextSelectionView.m */ = {isa = PBXFileReference; fileEncoding = 4; lastKnownFileType = sourcecode.c.objc; path = YYTextSelectionView.m; sourceTree = "<group>"; };
		0447358D207F3821003BA9C3 /* NSAttributedString+YYText.h */ = {isa = PBXFileReference; fileEncoding = 4; lastKnownFileType = sourcecode.c.h; path = "NSAttributedString+YYText.h"; sourceTree = "<group>"; };
		0447358E207F3821003BA9C3 /* NSAttributedString+YYText.m */ = {isa = PBXFileReference; fileEncoding = 4; lastKnownFileType = sourcecode.c.objc; path = "NSAttributedString+YYText.m"; sourceTree = "<group>"; };
		0447358F207F3821003BA9C3 /* NSParagraphStyle+YYText.h */ = {isa = PBXFileReference; fileEncoding = 4; lastKnownFileType = sourcecode.c.h; path = "NSParagraphStyle+YYText.h"; sourceTree = "<group>"; };
		04473590207F3821003BA9C3 /* NSParagraphStyle+YYText.m */ = {isa = PBXFileReference; fileEncoding = 4; lastKnownFileType = sourcecode.c.objc; path = "NSParagraphStyle+YYText.m"; sourceTree = "<group>"; };
		04473591207F3821003BA9C3 /* UIPasteboard+YYText.h */ = {isa = PBXFileReference; fileEncoding = 4; lastKnownFileType = sourcecode.c.h; path = "UIPasteboard+YYText.h"; sourceTree = "<group>"; };
		04473592207F3821003BA9C3 /* UIPasteboard+YYText.m */ = {isa = PBXFileReference; fileEncoding = 4; lastKnownFileType = sourcecode.c.objc; path = "UIPasteboard+YYText.m"; sourceTree = "<group>"; };
		04473593207F3821003BA9C3 /* YYTextArchiver.h */ = {isa = PBXFileReference; fileEncoding = 4; lastKnownFileType = sourcecode.c.h; path = YYTextArchiver.h; sourceTree = "<group>"; };
		04473594207F3821003BA9C3 /* YYTextArchiver.m */ = {isa = PBXFileReference; fileEncoding = 4; lastKnownFileType = sourcecode.c.objc; path = YYTextArchiver.m; sourceTree = "<group>"; };
		04473595207F3821003BA9C3 /* YYTextAttribute.h */ = {isa = PBXFileReference; fileEncoding = 4; lastKnownFileType = sourcecode.c.h; path = YYTextAttribute.h; sourceTree = "<group>"; };
		04473596207F3821003BA9C3 /* YYTextAttribute.m */ = {isa = PBXFileReference; fileEncoding = 4; lastKnownFileType = sourcecode.c.objc; path = YYTextAttribute.m; sourceTree = "<group>"; };
		04473597207F3821003BA9C3 /* YYTextParser.h */ = {isa = PBXFileReference; fileEncoding = 4; lastKnownFileType = sourcecode.c.h; path = YYTextParser.h; sourceTree = "<group>"; };
		04473598207F3821003BA9C3 /* YYTextParser.m */ = {isa = PBXFileReference; fileEncoding = 4; lastKnownFileType = sourcecode.c.objc; path = YYTextParser.m; sourceTree = "<group>"; };
		04473599207F3821003BA9C3 /* YYTextRubyAnnotation.h */ = {isa = PBXFileReference; fileEncoding = 4; lastKnownFileType = sourcecode.c.h; path = YYTextRubyAnnotation.h; sourceTree = "<group>"; };
		0447359A207F3821003BA9C3 /* YYTextRubyAnnotation.m */ = {isa = PBXFileReference; fileEncoding = 4; lastKnownFileType = sourcecode.c.objc; path = YYTextRubyAnnotation.m; sourceTree = "<group>"; };
		0447359B207F3821003BA9C3 /* YYTextRunDelegate.h */ = {isa = PBXFileReference; fileEncoding = 4; lastKnownFileType = sourcecode.c.h; path = YYTextRunDelegate.h; sourceTree = "<group>"; };
		0447359C207F3821003BA9C3 /* YYTextRunDelegate.m */ = {isa = PBXFileReference; fileEncoding = 4; lastKnownFileType = sourcecode.c.objc; path = YYTextRunDelegate.m; sourceTree = "<group>"; };
		0447359D207F3821003BA9C3 /* YYTextUtilities.h */ = {isa = PBXFileReference; fileEncoding = 4; lastKnownFileType = sourcecode.c.h; path = YYTextUtilities.h; sourceTree = "<group>"; };
		0447359E207F3821003BA9C3 /* YYTextUtilities.m */ = {isa = PBXFileReference; fileEncoding = 4; lastKnownFileType = sourcecode.c.objc; path = YYTextUtilities.m; sourceTree = "<group>"; };
		0447359F207F3821003BA9C3 /* YYLabel.h */ = {isa = PBXFileReference; fileEncoding = 4; lastKnownFileType = sourcecode.c.h; path = YYLabel.h; sourceTree = "<group>"; };
		044735A0207F3821003BA9C3 /* YYLabel.m */ = {isa = PBXFileReference; fileEncoding = 4; lastKnownFileType = sourcecode.c.objc; path = YYLabel.m; sourceTree = "<group>"; };
		044735A1207F3821003BA9C3 /* YYTextView.h */ = {isa = PBXFileReference; fileEncoding = 4; lastKnownFileType = sourcecode.c.h; path = YYTextView.h; sourceTree = "<group>"; };
		044735A2207F3821003BA9C3 /* YYTextView.m */ = {isa = PBXFileReference; fileEncoding = 4; lastKnownFileType = sourcecode.c.objc; path = YYTextView.m; sourceTree = "<group>"; };
		044735A4207F3821003BA9C3 /* YYAsyncLayer.h */ = {isa = PBXFileReference; fileEncoding = 4; lastKnownFileType = sourcecode.c.h; path = YYAsyncLayer.h; sourceTree = "<group>"; };
		044735A5207F3821003BA9C3 /* YYAsyncLayer.m */ = {isa = PBXFileReference; fileEncoding = 4; lastKnownFileType = sourcecode.c.objc; path = YYAsyncLayer.m; sourceTree = "<group>"; };
		044735A6207F3821003BA9C3 /* YYDispatchQueuePool.h */ = {isa = PBXFileReference; fileEncoding = 4; lastKnownFileType = sourcecode.c.h; path = YYDispatchQueuePool.h; sourceTree = "<group>"; };
		044735A7207F3821003BA9C3 /* YYDispatchQueuePool.m */ = {isa = PBXFileReference; fileEncoding = 4; lastKnownFileType = sourcecode.c.objc; path = YYDispatchQueuePool.m; sourceTree = "<group>"; };
		044735A8207F3821003BA9C3 /* YYFileHash.h */ = {isa = PBXFileReference; fileEncoding = 4; lastKnownFileType = sourcecode.c.h; path = YYFileHash.h; sourceTree = "<group>"; };
		044735A9207F3821003BA9C3 /* YYFileHash.m */ = {isa = PBXFileReference; fileEncoding = 4; lastKnownFileType = sourcecode.c.objc; path = YYFileHash.m; sourceTree = "<group>"; };
		044735AA207F3821003BA9C3 /* YYGestureRecognizer.h */ = {isa = PBXFileReference; fileEncoding = 4; lastKnownFileType = sourcecode.c.h; path = YYGestureRecognizer.h; sourceTree = "<group>"; };
		044735AB207F3821003BA9C3 /* YYGestureRecognizer.m */ = {isa = PBXFileReference; fileEncoding = 4; lastKnownFileType = sourcecode.c.objc; path = YYGestureRecognizer.m; sourceTree = "<group>"; };
		044735AC207F3821003BA9C3 /* YYKeychain.h */ = {isa = PBXFileReference; fileEncoding = 4; lastKnownFileType = sourcecode.c.h; path = YYKeychain.h; sourceTree = "<group>"; };
		044735AD207F3821003BA9C3 /* YYKeychain.m */ = {isa = PBXFileReference; fileEncoding = 4; lastKnownFileType = sourcecode.c.objc; path = YYKeychain.m; sourceTree = "<group>"; };
		044735AE207F3821003BA9C3 /* YYReachability.h */ = {isa = PBXFileReference; fileEncoding = 4; lastKnownFileType = sourcecode.c.h; path = YYReachability.h; sourceTree = "<group>"; };
		044735AF207F3821003BA9C3 /* YYReachability.m */ = {isa = PBXFileReference; fileEncoding = 4; lastKnownFileType = sourcecode.c.objc; path = YYReachability.m; sourceTree = "<group>"; };
		044735B0207F3821003BA9C3 /* YYSentinel.h */ = {isa = PBXFileReference; fileEncoding = 4; lastKnownFileType = sourcecode.c.h; path = YYSentinel.h; sourceTree = "<group>"; };
		044735B1207F3821003BA9C3 /* YYSentinel.m */ = {isa = PBXFileReference; fileEncoding = 4; lastKnownFileType = sourcecode.c.objc; path = YYSentinel.m; sourceTree = "<group>"; };
		044735B2207F3821003BA9C3 /* YYThreadSafeArray.h */ = {isa = PBXFileReference; fileEncoding = 4; lastKnownFileType = sourcecode.c.h; path = YYThreadSafeArray.h; sourceTree = "<group>"; };
		044735B3207F3821003BA9C3 /* YYThreadSafeArray.m */ = {isa = PBXFileReference; fileEncoding = 4; lastKnownFileType = sourcecode.c.objc; path = YYThreadSafeArray.m; sourceTree = "<group>"; };
		044735B4207F3821003BA9C3 /* YYThreadSafeDictionary.h */ = {isa = PBXFileReference; fileEncoding = 4; lastKnownFileType = sourcecode.c.h; path = YYThreadSafeDictionary.h; sourceTree = "<group>"; };
		044735B5207F3821003BA9C3 /* YYThreadSafeDictionary.m */ = {isa = PBXFileReference; fileEncoding = 4; lastKnownFileType = sourcecode.c.objc; path = YYThreadSafeDictionary.m; sourceTree = "<group>"; };
		044735B6207F3821003BA9C3 /* YYTimer.h */ = {isa = PBXFileReference; fileEncoding = 4; lastKnownFileType = sourcecode.c.h; path = YYTimer.h; sourceTree = "<group>"; };
		044735B7207F3821003BA9C3 /* YYTimer.m */ = {isa = PBXFileReference; fileEncoding = 4; lastKnownFileType = sourcecode.c.objc; path = YYTimer.m; sourceTree = "<group>"; };
		044735B8207F3821003BA9C3 /* YYTransaction.h */ = {isa = PBXFileReference; fileEncoding = 4; lastKnownFileType = sourcecode.c.h; path = YYTransaction.h; sourceTree = "<group>"; };
		044735B9207F3821003BA9C3 /* YYTransaction.m */ = {isa = PBXFileReference; fileEncoding = 4; lastKnownFileType = sourcecode.c.objc; path = YYTransaction.m; sourceTree = "<group>"; };
		044735BA207F3821003BA9C3 /* YYWeakProxy.h */ = {isa = PBXFileReference; fileEncoding = 4; lastKnownFileType = sourcecode.c.h; path = YYWeakProxy.h; sourceTree = "<group>"; };
		044735BB207F3821003BA9C3 /* YYWeakProxy.m */ = {isa = PBXFileReference; fileEncoding = 4; lastKnownFileType = sourcecode.c.objc; path = YYWeakProxy.m; sourceTree = "<group>"; };
		044735BC207F3821003BA9C3 /* YYKit.h */ = {isa = PBXFileReference; fileEncoding = 4; lastKnownFileType = sourcecode.c.h; path = YYKit.h; sourceTree = "<group>"; };
/* End PBXFileReference section */

/* Begin PBXFrameworksBuildPhase section */
		0447349F207F3166003BA9C3 /* Frameworks */ = {
			isa = PBXFrameworksBuildPhase;
			buildActionMask = 2147483647;
			files = (
				044735BF207F3821003BA9C3 /* WebP.framework in Frameworks */,
			);
			runOnlyForDeploymentPostprocessing = 0;
		};
		044734B1207F316A003BA9C3 /* Frameworks */ = {
			isa = PBXFrameworksBuildPhase;
			buildActionMask = 2147483647;
			files = (
			);
			runOnlyForDeploymentPostprocessing = 0;
		};
		044734BC207F316A003BA9C3 /* Frameworks */ = {
			isa = PBXFrameworksBuildPhase;
			buildActionMask = 2147483647;
			files = (
			);
			runOnlyForDeploymentPostprocessing = 0;
		};
/* End PBXFrameworksBuildPhase section */

/* Begin PBXGroup section */
		04473499207F3166003BA9C3 = {
			isa = PBXGroup;
			children = (
				044734A4207F3166003BA9C3 /* CellExtand */,
				044734B7207F316A003BA9C3 /* CellExtandTests */,
				044734C2207F316A003BA9C3 /* CellExtandUITests */,
				044734A3207F3166003BA9C3 /* Products */,
			);
			sourceTree = "<group>";
		};
		044734A3207F3166003BA9C3 /* Products */ = {
			isa = PBXGroup;
			children = (
				044734A2207F3166003BA9C3 /* CellExtand.app */,
				044734B4207F316A003BA9C3 /* CellExtandTests.xctest */,
				044734BF207F316A003BA9C3 /* CellExtandUITests.xctest */,
			);
			name = Products;
			sourceTree = "<group>";
		};
		044734A4207F3166003BA9C3 /* CellExtand */ = {
			isa = PBXGroup;
			children = (
				04473507207F3821003BA9C3 /* YYKit */,
				044734D8207F31F9003BA9C3 /* Masonry */,
				044734D1207F31B1003BA9C3 /* DemoResource */,
				044734A5207F3166003BA9C3 /* AppDelegate.h */,
				044734A6207F3166003BA9C3 /* AppDelegate.m */,
				044734A8207F316A003BA9C3 /* Assets.xcassets */,
				044734AA207F316A003BA9C3 /* LaunchScreen.storyboard */,
				044734AD207F316A003BA9C3 /* Info.plist */,
				044734AE207F316A003BA9C3 /* main.m */,
			);
			path = CellExtand;
			sourceTree = "<group>";
		};
		044734B7207F316A003BA9C3 /* CellExtandTests */ = {
			isa = PBXGroup;
			children = (
				044734B8207F316A003BA9C3 /* CellExtandTests.m */,
				044734BA207F316A003BA9C3 /* Info.plist */,
			);
			path = CellExtandTests;
			sourceTree = "<group>";
		};
		044734C2207F316A003BA9C3 /* CellExtandUITests */ = {
			isa = PBXGroup;
			children = (
				044734C3207F316A003BA9C3 /* CellExtandUITests.m */,
				044734C5207F316A003BA9C3 /* Info.plist */,
			);
			path = CellExtandUITests;
			sourceTree = "<group>";
		};
		044734D1207F31B1003BA9C3 /* DemoResource */ = {
			isa = PBXGroup;
			children = (
				04473504207F331D003BA9C3 /* XXYCommonUIUtil.h */,
				04473502207F331D003BA9C3 /* XXYCommonUIUtil.m */,
				044734D2207F31BF003BA9C3 /* RootViewController.h */,
				044734D3207F31BF003BA9C3 /* RootViewController.m */,
				044734D5207F31E0003BA9C3 /* CellTableViewCell.h */,
				044734D6207F31E0003BA9C3 /* CellTableViewCell.m */,
			);
			path = DemoResource;
			sourceTree = "<group>";
		};
		044734D8207F31F9003BA9C3 /* Masonry */ = {
			isa = PBXGroup;
			children = (
				044734D9207F31F9003BA9C3 /* LICENSE */,
				044734DA207F31F9003BA9C3 /* Masonry */,
				044734F4207F31F9003BA9C3 /* README.md */,
			);
			path = Masonry;
			sourceTree = "<group>";
		};
		044734DA207F31F9003BA9C3 /* Masonry */ = {
			isa = PBXGroup;
			children = (
				044734DB207F31F9003BA9C3 /* MASCompositeConstraint.h */,
				044734DC207F31F9003BA9C3 /* MASCompositeConstraint.m */,
				044734DD207F31F9003BA9C3 /* MASConstraint+Private.h */,
				044734DE207F31F9003BA9C3 /* MASConstraint.h */,
				044734DF207F31F9003BA9C3 /* MASConstraint.m */,
				044734E0207F31F9003BA9C3 /* MASConstraintMaker.h */,
				044734E1207F31F9003BA9C3 /* MASConstraintMaker.m */,
				044734E2207F31F9003BA9C3 /* MASLayoutConstraint.h */,
				044734E3207F31F9003BA9C3 /* MASLayoutConstraint.m */,
				044734E4207F31F9003BA9C3 /* Masonry.h */,
				044734E5207F31F9003BA9C3 /* MASUtilities.h */,
				044734E6207F31F9003BA9C3 /* MASViewAttribute.h */,
				044734E7207F31F9003BA9C3 /* MASViewAttribute.m */,
				044734E8207F31F9003BA9C3 /* MASViewConstraint.h */,
				044734E9207F31F9003BA9C3 /* MASViewConstraint.m */,
				044734EA207F31F9003BA9C3 /* NSArray+MASAdditions.h */,
				044734EB207F31F9003BA9C3 /* NSArray+MASAdditions.m */,
				044734EC207F31F9003BA9C3 /* NSArray+MASShorthandAdditions.h */,
				044734ED207F31F9003BA9C3 /* NSLayoutConstraint+MASDebugAdditions.h */,
				044734EE207F31F9003BA9C3 /* NSLayoutConstraint+MASDebugAdditions.m */,
				044734EF207F31F9003BA9C3 /* View+MASAdditions.h */,
				044734F0207F31F9003BA9C3 /* View+MASAdditions.m */,
				044734F1207F31F9003BA9C3 /* View+MASShorthandAdditions.h */,
				044734F2207F31F9003BA9C3 /* ViewController+MASAdditions.h */,
				044734F3207F31F9003BA9C3 /* ViewController+MASAdditions.m */,
			);
			path = Masonry;
			sourceTree = "<group>";
		};
		04473507207F3821003BA9C3 /* YYKit */ = {
			isa = PBXGroup;
			children = (
				04473508207F3821003BA9C3 /* LICENSE */,
				04473509207F3821003BA9C3 /* README.md */,
				0447350A207F3821003BA9C3 /* Vendor */,
				0447350C207F3821003BA9C3 /* YYKit */,
			);
			path = YYKit;
			sourceTree = "<group>";
		};
		0447350A207F3821003BA9C3 /* Vendor */ = {
			isa = PBXGroup;
			children = (
				0447350B207F3821003BA9C3 /* WebP.framework */,
			);
			path = Vendor;
			sourceTree = "<group>";
		};
		0447350C207F3821003BA9C3 /* YYKit */ = {
			isa = PBXGroup;
			children = (
				0447350D207F3821003BA9C3 /* Base */,
				0447354E207F3821003BA9C3 /* Cache */,
				04473557207F3821003BA9C3 /* Image */,
				04473573207F3821003BA9C3 /* Model */,
				04473578207F3821003BA9C3 /* Text */,
				044735A3207F3821003BA9C3 /* Utility */,
				044735BC207F3821003BA9C3 /* YYKit.h */,
			);
			path = YYKit;
			sourceTree = "<group>";
		};
		0447350D207F3821003BA9C3 /* Base */ = {
			isa = PBXGroup;
			children = (
				0447350E207F3821003BA9C3 /* Foundation */,
				0447352B207F3821003BA9C3 /* Quartz */,
				04473530207F3821003BA9C3 /* UIKit */,
				0447354D207F3821003BA9C3 /* YYKitMacro.h */,
			);
			path = Base;
			sourceTree = "<group>";
		};
		0447350E207F3821003BA9C3 /* Foundation */ = {
			isa = PBXGroup;
			children = (
				0447350F207F3821003BA9C3 /* NSArray+YYAdd.h */,
				04473510207F3821003BA9C3 /* NSArray+YYAdd.m */,
				04473511207F3821003BA9C3 /* NSBundle+YYAdd.h */,
				04473512207F3821003BA9C3 /* NSBundle+YYAdd.m */,
				04473513207F3821003BA9C3 /* NSData+YYAdd.h */,
				04473514207F3821003BA9C3 /* NSData+YYAdd.m */,
				04473515207F3821003BA9C3 /* NSDate+YYAdd.h */,
				04473516207F3821003BA9C3 /* NSDate+YYAdd.m */,
				04473517207F3821003BA9C3 /* NSDictionary+YYAdd.h */,
				04473518207F3821003BA9C3 /* NSDictionary+YYAdd.m */,
				04473519207F3821003BA9C3 /* NSKeyedUnarchiver+YYAdd.h */,
				0447351A207F3821003BA9C3 /* NSKeyedUnarchiver+YYAdd.m */,
				0447351B207F3821003BA9C3 /* NSNotificationCenter+YYAdd.h */,
				0447351C207F3821003BA9C3 /* NSNotificationCenter+YYAdd.m */,
				0447351D207F3821003BA9C3 /* NSNumber+YYAdd.h */,
				0447351E207F3821003BA9C3 /* NSNumber+YYAdd.m */,
				0447351F207F3821003BA9C3 /* NSObject+YYAdd.h */,
				04473520207F3821003BA9C3 /* NSObject+YYAdd.m */,
				04473521207F3821003BA9C3 /* NSObject+YYAddForARC.h */,
				04473522207F3821003BA9C3 /* NSObject+YYAddForARC.m */,
				04473523207F3821003BA9C3 /* NSObject+YYAddForKVO.h */,
				04473524207F3821003BA9C3 /* NSObject+YYAddForKVO.m */,
				04473525207F3821003BA9C3 /* NSString+YYAdd.h */,
				04473526207F3821003BA9C3 /* NSString+YYAdd.m */,
				04473527207F3821003BA9C3 /* NSThread+YYAdd.h */,
				04473528207F3821003BA9C3 /* NSThread+YYAdd.m */,
				04473529207F3821003BA9C3 /* NSTimer+YYAdd.h */,
				0447352A207F3821003BA9C3 /* NSTimer+YYAdd.m */,
			);
			path = Foundation;
			sourceTree = "<group>";
		};
		0447352B207F3821003BA9C3 /* Quartz */ = {
			isa = PBXGroup;
			children = (
				0447352C207F3821003BA9C3 /* CALayer+YYAdd.h */,
				0447352D207F3821003BA9C3 /* CALayer+YYAdd.m */,
				0447352E207F3821003BA9C3 /* YYCGUtilities.h */,
				0447352F207F3821003BA9C3 /* YYCGUtilities.m */,
			);
			path = Quartz;
			sourceTree = "<group>";
		};
		04473530207F3821003BA9C3 /* UIKit */ = {
			isa = PBXGroup;
			children = (
				04473531207F3821003BA9C3 /* UIApplication+YYAdd.h */,
				04473532207F3821003BA9C3 /* UIApplication+YYAdd.m */,
				04473533207F3821003BA9C3 /* UIBarButtonItem+YYAdd.h */,
				04473534207F3821003BA9C3 /* UIBarButtonItem+YYAdd.m */,
				04473535207F3821003BA9C3 /* UIBezierPath+YYAdd.h */,
				04473536207F3821003BA9C3 /* UIBezierPath+YYAdd.m */,
				04473537207F3821003BA9C3 /* UIColor+YYAdd.h */,
				04473538207F3821003BA9C3 /* UIColor+YYAdd.m */,
				04473539207F3821003BA9C3 /* UIControl+YYAdd.h */,
				0447353A207F3821003BA9C3 /* UIControl+YYAdd.m */,
				0447353B207F3821003BA9C3 /* UIDevice+YYAdd.h */,
				0447353C207F3821003BA9C3 /* UIDevice+YYAdd.m */,
				0447353D207F3821003BA9C3 /* UIFont+YYAdd.h */,
				0447353E207F3821003BA9C3 /* UIFont+YYAdd.m */,
				0447353F207F3821003BA9C3 /* UIGestureRecognizer+YYAdd.h */,
				04473540207F3821003BA9C3 /* UIGestureRecognizer+YYAdd.m */,
				04473541207F3821003BA9C3 /* UIImage+YYAdd.h */,
				04473542207F3821003BA9C3 /* UIImage+YYAdd.m */,
				04473543207F3821003BA9C3 /* UIScreen+YYAdd.h */,
				04473544207F3821003BA9C3 /* UIScreen+YYAdd.m */,
				04473545207F3821003BA9C3 /* UIScrollView+YYAdd.h */,
				04473546207F3821003BA9C3 /* UIScrollView+YYAdd.m */,
				04473547207F3821003BA9C3 /* UITableView+YYAdd.h */,
				04473548207F3821003BA9C3 /* UITableView+YYAdd.m */,
				04473549207F3821003BA9C3 /* UITextField+YYAdd.h */,
				0447354A207F3821003BA9C3 /* UITextField+YYAdd.m */,
				0447354B207F3821003BA9C3 /* UIView+YYAdd.h */,
				0447354C207F3821003BA9C3 /* UIView+YYAdd.m */,
			);
			path = UIKit;
			sourceTree = "<group>";
		};
		0447354E207F3821003BA9C3 /* Cache */ = {
			isa = PBXGroup;
			children = (
				0447354F207F3821003BA9C3 /* YYCache.h */,
				04473550207F3821003BA9C3 /* YYCache.m */,
				04473551207F3821003BA9C3 /* YYDiskCache.h */,
				04473552207F3821003BA9C3 /* YYDiskCache.m */,
				04473553207F3821003BA9C3 /* YYKVStorage.h */,
				04473554207F3821003BA9C3 /* YYKVStorage.m */,
				04473555207F3821003BA9C3 /* YYMemoryCache.h */,
				04473556207F3821003BA9C3 /* YYMemoryCache.m */,
			);
			path = Cache;
			sourceTree = "<group>";
		};
		04473557207F3821003BA9C3 /* Image */ = {
			isa = PBXGroup;
			children = (
				04473558207F3821003BA9C3 /* Categories */,
				04473563207F3821003BA9C3 /* YYAnimatedImageView.h */,
				04473564207F3821003BA9C3 /* YYAnimatedImageView.m */,
				04473565207F3821003BA9C3 /* YYFrameImage.h */,
				04473566207F3821003BA9C3 /* YYFrameImage.m */,
				04473567207F3821003BA9C3 /* YYImage.h */,
				04473568207F3821003BA9C3 /* YYImage.m */,
				04473569207F3821003BA9C3 /* YYImageCache.h */,
				0447356A207F3821003BA9C3 /* YYImageCache.m */,
				0447356B207F3821003BA9C3 /* YYImageCoder.h */,
				0447356C207F3821003BA9C3 /* YYImageCoder.m */,
				0447356D207F3821003BA9C3 /* YYSpriteSheetImage.h */,
				0447356E207F3821003BA9C3 /* YYSpriteSheetImage.m */,
				0447356F207F3821003BA9C3 /* YYWebImageManager.h */,
				04473570207F3821003BA9C3 /* YYWebImageManager.m */,
				04473571207F3821003BA9C3 /* YYWebImageOperation.h */,
				04473572207F3821003BA9C3 /* YYWebImageOperation.m */,
			);
			path = Image;
			sourceTree = "<group>";
		};
		04473558207F3821003BA9C3 /* Categories */ = {
			isa = PBXGroup;
			children = (
				04473559207F3821003BA9C3 /* _YYWebImageSetter.h */,
				0447355A207F3821003BA9C3 /* _YYWebImageSetter.m */,
				0447355B207F3821003BA9C3 /* CALayer+YYWebImage.h */,
				0447355C207F3821003BA9C3 /* CALayer+YYWebImage.m */,
				0447355D207F3821003BA9C3 /* MKAnnotationView+YYWebImage.h */,
				0447355E207F3821003BA9C3 /* MKAnnotationView+YYWebImage.m */,
				0447355F207F3821003BA9C3 /* UIButton+YYWebImage.h */,
				04473560207F3821003BA9C3 /* UIButton+YYWebImage.m */,
				04473561207F3821003BA9C3 /* UIImageView+YYWebImage.h */,
				04473562207F3821003BA9C3 /* UIImageView+YYWebImage.m */,
			);
			path = Categories;
			sourceTree = "<group>";
		};
		04473573207F3821003BA9C3 /* Model */ = {
			isa = PBXGroup;
			children = (
				04473574207F3821003BA9C3 /* NSObject+YYModel.h */,
				04473575207F3821003BA9C3 /* NSObject+YYModel.m */,
				04473576207F3821003BA9C3 /* YYClassInfo.h */,
				04473577207F3821003BA9C3 /* YYClassInfo.m */,
			);
			path = Model;
			sourceTree = "<group>";
		};
		04473578207F3821003BA9C3 /* Text */ = {
			isa = PBXGroup;
			children = (
				04473579207F3821003BA9C3 /* Component */,
				0447358C207F3821003BA9C3 /* String */,
				0447359F207F3821003BA9C3 /* YYLabel.h */,
				044735A0207F3821003BA9C3 /* YYLabel.m */,
				044735A1207F3821003BA9C3 /* YYTextView.h */,
				044735A2207F3821003BA9C3 /* YYTextView.m */,
			);
			path = Text;
			sourceTree = "<group>";
		};
		04473579207F3821003BA9C3 /* Component */ = {
			isa = PBXGroup;
			children = (
				0447357A207F3821003BA9C3 /* YYTextContainerView.h */,
				0447357B207F3821003BA9C3 /* YYTextContainerView.m */,
				0447357C207F3821003BA9C3 /* YYTextDebugOption.h */,
				0447357D207F3821003BA9C3 /* YYTextDebugOption.m */,
				0447357E207F3821003BA9C3 /* YYTextEffectWindow.h */,
				0447357F207F3821003BA9C3 /* YYTextEffectWindow.m */,
				04473580207F3821003BA9C3 /* YYTextInput.h */,
				04473581207F3821003BA9C3 /* YYTextInput.m */,
				04473582207F3821003BA9C3 /* YYTextKeyboardManager.h */,
				04473583207F3821003BA9C3 /* YYTextKeyboardManager.m */,
				04473584207F3821003BA9C3 /* YYTextLayout.h */,
				04473585207F3821003BA9C3 /* YYTextLayout.m */,
				04473586207F3821003BA9C3 /* YYTextLine.h */,
				04473587207F3821003BA9C3 /* YYTextLine.m */,
				04473588207F3821003BA9C3 /* YYTextMagnifier.h */,
				04473589207F3821003BA9C3 /* YYTextMagnifier.m */,
				0447358A207F3821003BA9C3 /* YYTextSelectionView.h */,
				0447358B207F3821003BA9C3 /* YYTextSelectionView.m */,
			);
			path = Component;
			sourceTree = "<group>";
		};
		0447358C207F3821003BA9C3 /* String */ = {
			isa = PBXGroup;
			children = (
				0447358D207F3821003BA9C3 /* NSAttributedString+YYText.h */,
				0447358E207F3821003BA9C3 /* NSAttributedString+YYText.m */,
				0447358F207F3821003BA9C3 /* NSParagraphStyle+YYText.h */,
				04473590207F3821003BA9C3 /* NSParagraphStyle+YYText.m */,
				04473591207F3821003BA9C3 /* UIPasteboard+YYText.h */,
				04473592207F3821003BA9C3 /* UIPasteboard+YYText.m */,
				04473593207F3821003BA9C3 /* YYTextArchiver.h */,
				04473594207F3821003BA9C3 /* YYTextArchiver.m */,
				04473595207F3821003BA9C3 /* YYTextAttribute.h */,
				04473596207F3821003BA9C3 /* YYTextAttribute.m */,
				04473597207F3821003BA9C3 /* YYTextParser.h */,
				04473598207F3821003BA9C3 /* YYTextParser.m */,
				04473599207F3821003BA9C3 /* YYTextRubyAnnotation.h */,
				0447359A207F3821003BA9C3 /* YYTextRubyAnnotation.m */,
				0447359B207F3821003BA9C3 /* YYTextRunDelegate.h */,
				0447359C207F3821003BA9C3 /* YYTextRunDelegate.m */,
				0447359D207F3821003BA9C3 /* YYTextUtilities.h */,
				0447359E207F3821003BA9C3 /* YYTextUtilities.m */,
			);
			path = String;
			sourceTree = "<group>";
		};
		044735A3207F3821003BA9C3 /* Utility */ = {
			isa = PBXGroup;
			children = (
				044735A4207F3821003BA9C3 /* YYAsyncLayer.h */,
				044735A5207F3821003BA9C3 /* YYAsyncLayer.m */,
				044735A6207F3821003BA9C3 /* YYDispatchQueuePool.h */,
				044735A7207F3821003BA9C3 /* YYDispatchQueuePool.m */,
				044735A8207F3821003BA9C3 /* YYFileHash.h */,
				044735A9207F3821003BA9C3 /* YYFileHash.m */,
				044735AA207F3821003BA9C3 /* YYGestureRecognizer.h */,
				044735AB207F3821003BA9C3 /* YYGestureRecognizer.m */,
				044735AC207F3821003BA9C3 /* YYKeychain.h */,
				044735AD207F3821003BA9C3 /* YYKeychain.m */,
				044735AE207F3821003BA9C3 /* YYReachability.h */,
				044735AF207F3821003BA9C3 /* YYReachability.m */,
				044735B0207F3821003BA9C3 /* YYSentinel.h */,
				044735B1207F3821003BA9C3 /* YYSentinel.m */,
				044735B2207F3821003BA9C3 /* YYThreadSafeArray.h */,
				044735B3207F3821003BA9C3 /* YYThreadSafeArray.m */,
				044735B4207F3821003BA9C3 /* YYThreadSafeDictionary.h */,
				044735B5207F3821003BA9C3 /* YYThreadSafeDictionary.m */,
				044735B6207F3821003BA9C3 /* YYTimer.h */,
				044735B7207F3821003BA9C3 /* YYTimer.m */,
				044735B8207F3821003BA9C3 /* YYTransaction.h */,
				044735B9207F3821003BA9C3 /* YYTransaction.m */,
				044735BA207F3821003BA9C3 /* YYWeakProxy.h */,
				044735BB207F3821003BA9C3 /* YYWeakProxy.m */,
			);
			path = Utility;
			sourceTree = "<group>";
		};
/* End PBXGroup section */

/* Begin PBXNativeTarget section */
		044734A1207F3166003BA9C3 /* CellExtand */ = {
			isa = PBXNativeTarget;
			buildConfigurationList = 044734C8207F316A003BA9C3 /* Build configuration list for PBXNativeTarget "CellExtand" */;
			buildPhases = (
				0447349E207F3166003BA9C3 /* Sources */,
				0447349F207F3166003BA9C3 /* Frameworks */,
				044734A0207F3166003BA9C3 /* Resources */,
			);
			buildRules = (
			);
			dependencies = (
			);
			name = CellExtand;
			productName = CellExtand;
			productReference = 044734A2207F3166003BA9C3 /* CellExtand.app */;
			productType = "com.apple.product-type.application";
		};
		044734B3207F316A003BA9C3 /* CellExtandTests */ = {
			isa = PBXNativeTarget;
			buildConfigurationList = 044734CB207F316A003BA9C3 /* Build configuration list for PBXNativeTarget "CellExtandTests" */;
			buildPhases = (
				044734B0207F316A003BA9C3 /* Sources */,
				044734B1207F316A003BA9C3 /* Frameworks */,
				044734B2207F316A003BA9C3 /* Resources */,
			);
			buildRules = (
			);
			dependencies = (
				044734B6207F316A003BA9C3 /* PBXTargetDependency */,
			);
			name = CellExtandTests;
			productName = CellExtandTests;
			productReference = 044734B4207F316A003BA9C3 /* CellExtandTests.xctest */;
			productType = "com.apple.product-type.bundle.unit-test";
		};
		044734BE207F316A003BA9C3 /* CellExtandUITests */ = {
			isa = PBXNativeTarget;
			buildConfigurationList = 044734CE207F316A003BA9C3 /* Build configuration list for PBXNativeTarget "CellExtandUITests" */;
			buildPhases = (
				044734BB207F316A003BA9C3 /* Sources */,
				044734BC207F316A003BA9C3 /* Frameworks */,
				044734BD207F316A003BA9C3 /* Resources */,
			);
			buildRules = (
			);
			dependencies = (
				044734C1207F316A003BA9C3 /* PBXTargetDependency */,
			);
			name = CellExtandUITests;
			productName = CellExtandUITests;
			productReference = 044734BF207F316A003BA9C3 /* CellExtandUITests.xctest */;
			productType = "com.apple.product-type.bundle.ui-testing";
		};
/* End PBXNativeTarget section */

/* Begin PBXProject section */
		0447349A207F3166003BA9C3 /* Project object */ = {
			isa = PBXProject;
			attributes = {
				LastUpgradeCheck = 0930;
				ORGANIZATIONNAME = HangZhouShenMangtTechnologyInformation;
				TargetAttributes = {
					044734A1207F3166003BA9C3 = {
						CreatedOnToolsVersion = 9.3;
					};
					044734B3207F316A003BA9C3 = {
						CreatedOnToolsVersion = 9.3;
						TestTargetID = 044734A1207F3166003BA9C3;
					};
					044734BE207F316A003BA9C3 = {
						CreatedOnToolsVersion = 9.3;
						TestTargetID = 044734A1207F3166003BA9C3;
					};
				};
			};
			buildConfigurationList = 0447349D207F3166003BA9C3 /* Build configuration list for PBXProject "CellExtand" */;
			compatibilityVersion = "Xcode 9.3";
			developmentRegion = en;
			hasScannedForEncodings = 0;
			knownRegions = (
				en,
				Base,
			);
			mainGroup = 04473499207F3166003BA9C3;
			productRefGroup = 044734A3207F3166003BA9C3 /* Products */;
			projectDirPath = "";
			projectRoot = "";
			targets = (
				044734A1207F3166003BA9C3 /* CellExtand */,
				044734B3207F316A003BA9C3 /* CellExtandTests */,
				044734BE207F316A003BA9C3 /* CellExtandUITests */,
			);
		};
/* End PBXProject section */

/* Begin PBXResourcesBuildPhase section */
		044734A0207F3166003BA9C3 /* Resources */ = {
			isa = PBXResourcesBuildPhase;
			buildActionMask = 2147483647;
			files = (
				044735BE207F3821003BA9C3 /* README.md in Resources */,
				044734F5207F31F9003BA9C3 /* LICENSE in Resources */,
				044734A9207F316A003BA9C3 /* Assets.xcassets in Resources */,
				04473500207F31F9003BA9C3 /* README.md in Resources */,
				044734AC207F316A003BA9C3 /* LaunchScreen.storyboard in Resources */,
				044735BD207F3821003BA9C3 /* LICENSE in Resources */,
			);
			runOnlyForDeploymentPostprocessing = 0;
		};
		044734B2207F316A003BA9C3 /* Resources */ = {
			isa = PBXResourcesBuildPhase;
			buildActionMask = 2147483647;
			files = (
			);
			runOnlyForDeploymentPostprocessing = 0;
		};
		044734BD207F316A003BA9C3 /* Resources */ = {
			isa = PBXResourcesBuildPhase;
			buildActionMask = 2147483647;
			files = (
			);
			runOnlyForDeploymentPostprocessing = 0;
		};
/* End PBXResourcesBuildPhase section */

/* Begin PBXSourcesBuildPhase section */
		0447349E207F3166003BA9C3 /* Sources */ = {
			isa = PBXSourcesBuildPhase;
			buildActionMask = 2147483647;
			files = (
				044735E0207F3821003BA9C3 /* YYKVStorage.m in Sources */,
				044735D5207F3821003BA9C3 /* UIDevice+YYAdd.m in Sources */,
				044735C0207F3821003BA9C3 /* NSArray+YYAdd.m in Sources */,
				044735C8207F3821003BA9C3 /* NSObject+YYAdd.m in Sources */,
				044735E7207F3821003BA9C3 /* YYAnimatedImageView.m in Sources */,
				044735C3207F3821003BA9C3 /* NSDate+YYAdd.m in Sources */,
				044735FF207F3821003BA9C3 /* YYTextParser.m in Sources */,
				044735C6207F3821003BA9C3 /* NSNotificationCenter+YYAdd.m in Sources */,
				044735CA207F3821003BA9C3 /* NSObject+YYAddForKVO.m in Sources */,
				04473608207F3821003BA9C3 /* YYGestureRecognizer.m in Sources */,
				044735D3207F3821003BA9C3 /* UIColor+YYAdd.m in Sources */,
				044735EF207F3821003BA9C3 /* NSObject+YYModel.m in Sources */,
				044734F8207F31F9003BA9C3 /* MASConstraintMaker.m in Sources */,
				044735D9207F3821003BA9C3 /* UIScreen+YYAdd.m in Sources */,
				044735D1207F3821003BA9C3 /* UIBarButtonItem+YYAdd.m in Sources */,
				044735F8207F3821003BA9C3 /* YYTextMagnifier.m in Sources */,
				044735EA207F3821003BA9C3 /* YYImageCache.m in Sources */,
				044735D8207F3821003BA9C3 /* UIImage+YYAdd.m in Sources */,
				044735E1207F3821003BA9C3 /* YYMemoryCache.m in Sources */,
				04473605207F3821003BA9C3 /* YYAsyncLayer.m in Sources */,
				044735FE207F3821003BA9C3 /* YYTextAttribute.m in Sources */,
				044735FD207F3821003BA9C3 /* YYTextArchiver.m in Sources */,
				044735E6207F3821003BA9C3 /* UIImageView+YYWebImage.m in Sources */,
				0447360B207F3821003BA9C3 /* YYSentinel.m in Sources */,
				044735C2207F3821003BA9C3 /* NSData+YYAdd.m in Sources */,
				044735DF207F3821003BA9C3 /* YYDiskCache.m in Sources */,
				044734AF207F316A003BA9C3 /* main.m in Sources */,
				044735D0207F3821003BA9C3 /* UIApplication+YYAdd.m in Sources */,
				04473604207F3821003BA9C3 /* YYTextView.m in Sources */,
				044734D7207F31E0003BA9C3 /* CellTableViewCell.m in Sources */,
				044734F7207F31F9003BA9C3 /* MASConstraint.m in Sources */,
				04473609207F3821003BA9C3 /* YYKeychain.m in Sources */,
				044734FF207F31F9003BA9C3 /* ViewController+MASAdditions.m in Sources */,
				044735F6207F3821003BA9C3 /* YYTextLayout.m in Sources */,
				0447360F207F3821003BA9C3 /* YYTransaction.m in Sources */,
				044734F9207F31F9003BA9C3 /* MASLayoutConstraint.m in Sources */,
				044735EE207F3821003BA9C3 /* YYWebImageOperation.m in Sources */,
				044735F7207F3821003BA9C3 /* YYTextLine.m in Sources */,
				0447360E207F3821003BA9C3 /* YYTimer.m in Sources */,
				044735EC207F3821003BA9C3 /* YYSpriteSheetImage.m in Sources */,
				044734FC207F31F9003BA9C3 /* NSArray+MASAdditions.m in Sources */,
				044735F0207F3821003BA9C3 /* YYClassInfo.m in Sources */,
				044734FB207F31F9003BA9C3 /* MASViewConstraint.m in Sources */,
				044735E8207F3821003BA9C3 /* YYFrameImage.m in Sources */,
				044735F5207F3821003BA9C3 /* YYTextKeyboardManager.m in Sources */,
				044735C5207F3821003BA9C3 /* NSKeyedUnarchiver+YYAdd.m in Sources */,
				044735F3207F3821003BA9C3 /* YYTextEffectWindow.m in Sources */,
				044734FA207F31F9003BA9C3 /* MASViewAttribute.m in Sources */,
				044735F9207F3821003BA9C3 /* YYTextSelectionView.m in Sources */,
				044735D7207F3821003BA9C3 /* UIGestureRecognizer+YYAdd.m in Sources */,
				0447360D207F3821003BA9C3 /* YYThreadSafeDictionary.m in Sources */,
				044735DD207F3821003BA9C3 /* UIView+YYAdd.m in Sources */,
				0447360A207F3821003BA9C3 /* YYReachability.m in Sources */,
				044735E5207F3821003BA9C3 /* UIButton+YYWebImage.m in Sources */,
				044735DB207F3821003BA9C3 /* UITableView+YYAdd.m in Sources */,
				044735C1207F3821003BA9C3 /* NSBundle+YYAdd.m in Sources */,
				044735CD207F3821003BA9C3 /* NSTimer+YYAdd.m in Sources */,
				044735FC207F3821003BA9C3 /* UIPasteboard+YYText.m in Sources */,
				044735D4207F3821003BA9C3 /* UIControl+YYAdd.m in Sources */,
				04473607207F3821003BA9C3 /* YYFileHash.m in Sources */,
				044734FE207F31F9003BA9C3 /* View+MASAdditions.m in Sources */,
				044735F2207F3821003BA9C3 /* YYTextDebugOption.m in Sources */,
				044735FA207F3821003BA9C3 /* NSAttributedString+YYText.m in Sources */,
				04473606207F3821003BA9C3 /* YYDispatchQueuePool.m in Sources */,
				044735F4207F3821003BA9C3 /* YYTextInput.m in Sources */,
				044735C9207F3821003BA9C3 /* NSObject+YYAddForARC.m in Sources */,
				044734A7207F3166003BA9C3 /* AppDelegate.m in Sources */,
				044735F1207F3821003BA9C3 /* YYTextContainerView.m in Sources */,
				04473610207F3821003BA9C3 /* YYWeakProxy.m in Sources */,
				044735DA207F3821003BA9C3 /* UIScrollView+YYAdd.m in Sources */,
				04473601207F3821003BA9C3 /* YYTextRunDelegate.m in Sources */,
				044735CB207F3821003BA9C3 /* NSString+YYAdd.m in Sources */,
				044734D4207F31BF003BA9C3 /* RootViewController.m in Sources */,
				044735CE207F3821003BA9C3 /* CALayer+YYAdd.m in Sources */,
				044735C4207F3821003BA9C3 /* NSDictionary+YYAdd.m in Sources */,
				04473603207F3821003BA9C3 /* YYLabel.m in Sources */,
				044735E2207F3821003BA9C3 /* _YYWebImageSetter.m in Sources */,
				044735E4207F3821003BA9C3 /* MKAnnotationView+YYWebImage.m in Sources */,
				044735DC207F3821003BA9C3 /* UITextField+YYAdd.m in Sources */,
				044735D2207F3821003BA9C3 /* UIBezierPath+YYAdd.m in Sources */,
				04473505207F331D003BA9C3 /* XXYCommonUIUtil.m in Sources */,
				044734F6207F31F9003BA9C3 /* MASCompositeConstraint.m in Sources */,
				0447360C207F3821003BA9C3 /* YYThreadSafeArray.m in Sources */,
				04473602207F3821003BA9C3 /* YYTextUtilities.m in Sources */,
				044735ED207F3821003BA9C3 /* YYWebImageManager.m in Sources */,
				04473600207F3821003BA9C3 /* YYTextRubyAnnotation.m in Sources */,
				044735C7207F3821003BA9C3 /* NSNumber+YYAdd.m in Sources */,
				044735D6207F3821003BA9C3 /* UIFont+YYAdd.m in Sources */,
				044735CC207F3821003BA9C3 /* NSThread+YYAdd.m in Sources */,
				044735E3207F3821003BA9C3 /* CALayer+YYWebImage.m in Sources */,
				044735E9207F3821003BA9C3 /* YYImage.m in Sources */,
				044735EB207F3821003BA9C3 /* YYImageCoder.m in Sources */,
				044735CF207F3821003BA9C3 /* YYCGUtilities.m in Sources */,
				044735FB207F3821003BA9C3 /* NSParagraphStyle+YYText.m in Sources */,
				044735DE207F3821003BA9C3 /* YYCache.m in Sources */,
				044734FD207F31F9003BA9C3 /* NSLayoutConstraint+MASDebugAdditions.m in Sources */,
			);
			runOnlyForDeploymentPostprocessing = 0;
		};
		044734B0207F316A003BA9C3 /* Sources */ = {
			isa = PBXSourcesBuildPhase;
			buildActionMask = 2147483647;
			files = (
				044734B9207F316A003BA9C3 /* CellExtandTests.m in Sources */,
			);
			runOnlyForDeploymentPostprocessing = 0;
		};
		044734BB207F316A003BA9C3 /* Sources */ = {
			isa = PBXSourcesBuildPhase;
			buildActionMask = 2147483647;
			files = (
				044734C4207F316A003BA9C3 /* CellExtandUITests.m in Sources */,
			);
			runOnlyForDeploymentPostprocessing = 0;
		};
/* End PBXSourcesBuildPhase section */

/* Begin PBXTargetDependency section */
		044734B6207F316A003BA9C3 /* PBXTargetDependency */ = {
			isa = PBXTargetDependency;
			target = 044734A1207F3166003BA9C3 /* CellExtand */;
			targetProxy = 044734B5207F316A003BA9C3 /* PBXContainerItemProxy */;
		};
		044734C1207F316A003BA9C3 /* PBXTargetDependency */ = {
			isa = PBXTargetDependency;
			target = 044734A1207F3166003BA9C3 /* CellExtand */;
			targetProxy = 044734C0207F316A003BA9C3 /* PBXContainerItemProxy */;
		};
/* End PBXTargetDependency section */

/* Begin PBXVariantGroup section */
		044734AA207F316A003BA9C3 /* LaunchScreen.storyboard */ = {
			isa = PBXVariantGroup;
			children = (
				044734AB207F316A003BA9C3 /* Base */,
			);
			name = LaunchScreen.storyboard;
			sourceTree = "<group>";
		};
/* End PBXVariantGroup section */

/* Begin XCBuildConfiguration section */
		044734C6207F316A003BA9C3 /* Debug */ = {
			isa = XCBuildConfiguration;
			buildSettings = {
				ALWAYS_SEARCH_USER_PATHS = NO;
				CLANG_ANALYZER_NONNULL = YES;
				CLANG_ANALYZER_NUMBER_OBJECT_CONVERSION = YES_AGGRESSIVE;
				CLANG_CXX_LANGUAGE_STANDARD = "gnu++14";
				CLANG_CXX_LIBRARY = "libc++";
				CLANG_ENABLE_MODULES = YES;
				CLANG_ENABLE_OBJC_ARC = YES;
				CLANG_ENABLE_OBJC_WEAK = YES;
				CLANG_WARN_BLOCK_CAPTURE_AUTORELEASING = YES;
				CLANG_WARN_BOOL_CONVERSION = YES;
				CLANG_WARN_COMMA = YES;
				CLANG_WARN_CONSTANT_CONVERSION = YES;
				CLANG_WARN_DEPRECATED_OBJC_IMPLEMENTATIONS = YES;
				CLANG_WARN_DIRECT_OBJC_ISA_USAGE = YES_ERROR;
				CLANG_WARN_DOCUMENTATION_COMMENTS = YES;
				CLANG_WARN_EMPTY_BODY = YES;
				CLANG_WARN_ENUM_CONVERSION = YES;
				CLANG_WARN_INFINITE_RECURSION = YES;
				CLANG_WARN_INT_CONVERSION = YES;
				CLANG_WARN_NON_LITERAL_NULL_CONVERSION = YES;
				CLANG_WARN_OBJC_IMPLICIT_RETAIN_SELF = YES;
				CLANG_WARN_OBJC_LITERAL_CONVERSION = YES;
				CLANG_WARN_OBJC_ROOT_CLASS = YES_ERROR;
				CLANG_WARN_RANGE_LOOP_ANALYSIS = YES;
				CLANG_WARN_STRICT_PROTOTYPES = YES;
				CLANG_WARN_SUSPICIOUS_MOVE = YES;
				CLANG_WARN_UNGUARDED_AVAILABILITY = YES_AGGRESSIVE;
				CLANG_WARN_UNREACHABLE_CODE = YES;
				CLANG_WARN__DUPLICATE_METHOD_MATCH = YES;
				CODE_SIGN_IDENTITY = "iPhone Developer";
				COPY_PHASE_STRIP = NO;
				DEBUG_INFORMATION_FORMAT = dwarf;
				ENABLE_STRICT_OBJC_MSGSEND = YES;
				ENABLE_TESTABILITY = YES;
				GCC_C_LANGUAGE_STANDARD = gnu11;
				GCC_DYNAMIC_NO_PIC = NO;
				GCC_NO_COMMON_BLOCKS = YES;
				GCC_OPTIMIZATION_LEVEL = 0;
				GCC_PREPROCESSOR_DEFINITIONS = (
					"DEBUG=1",
					"$(inherited)",
				);
				GCC_WARN_64_TO_32_BIT_CONVERSION = YES;
				GCC_WARN_ABOUT_RETURN_TYPE = YES_ERROR;
				GCC_WARN_UNDECLARED_SELECTOR = YES;
				GCC_WARN_UNINITIALIZED_AUTOS = YES_AGGRESSIVE;
				GCC_WARN_UNUSED_FUNCTION = YES;
				GCC_WARN_UNUSED_VARIABLE = YES;
				IPHONEOS_DEPLOYMENT_TARGET = 11.3;
				MTL_ENABLE_DEBUG_INFO = YES;
				ONLY_ACTIVE_ARCH = YES;
				SDKROOT = iphoneos;
			};
			name = Debug;
		};
		044734C7207F316A003BA9C3 /* Release */ = {
			isa = XCBuildConfiguration;
			buildSettings = {
				ALWAYS_SEARCH_USER_PATHS = NO;
				CLANG_ANALYZER_NONNULL = YES;
				CLANG_ANALYZER_NUMBER_OBJECT_CONVERSION = YES_AGGRESSIVE;
				CLANG_CXX_LANGUAGE_STANDARD = "gnu++14";
				CLANG_CXX_LIBRARY = "libc++";
				CLANG_ENABLE_MODULES = YES;
				CLANG_ENABLE_OBJC_ARC = YES;
				CLANG_ENABLE_OBJC_WEAK = YES;
				CLANG_WARN_BLOCK_CAPTURE_AUTORELEASING = YES;
				CLANG_WARN_BOOL_CONVERSION = YES;
				CLANG_WARN_COMMA = YES;
				CLANG_WARN_CONSTANT_CONVERSION = YES;
				CLANG_WARN_DEPRECATED_OBJC_IMPLEMENTATIONS = YES;
				CLANG_WARN_DIRECT_OBJC_ISA_USAGE = YES_ERROR;
				CLANG_WARN_DOCUMENTATION_COMMENTS = YES;
				CLANG_WARN_EMPTY_BODY = YES;
				CLANG_WARN_ENUM_CONVERSION = YES;
				CLANG_WARN_INFINITE_RECURSION = YES;
				CLANG_WARN_INT_CONVERSION = YES;
				CLANG_WARN_NON_LITERAL_NULL_CONVERSION = YES;
				CLANG_WARN_OBJC_IMPLICIT_RETAIN_SELF = YES;
				CLANG_WARN_OBJC_LITERAL_CONVERSION = YES;
				CLANG_WARN_OBJC_ROOT_CLASS = YES_ERROR;
				CLANG_WARN_RANGE_LOOP_ANALYSIS = YES;
				CLANG_WARN_STRICT_PROTOTYPES = YES;
				CLANG_WARN_SUSPICIOUS_MOVE = YES;
				CLANG_WARN_UNGUARDED_AVAILABILITY = YES_AGGRESSIVE;
				CLANG_WARN_UNREACHABLE_CODE = YES;
				CLANG_WARN__DUPLICATE_METHOD_MATCH = YES;
				CODE_SIGN_IDENTITY = "iPhone Developer";
				COPY_PHASE_STRIP = NO;
				DEBUG_INFORMATION_FORMAT = "dwarf-with-dsym";
				ENABLE_NS_ASSERTIONS = NO;
				ENABLE_STRICT_OBJC_MSGSEND = YES;
				GCC_C_LANGUAGE_STANDARD = gnu11;
				GCC_NO_COMMON_BLOCKS = YES;
				GCC_WARN_64_TO_32_BIT_CONVERSION = YES;
				GCC_WARN_ABOUT_RETURN_TYPE = YES_ERROR;
				GCC_WARN_UNDECLARED_SELECTOR = YES;
				GCC_WARN_UNINITIALIZED_AUTOS = YES_AGGRESSIVE;
				GCC_WARN_UNUSED_FUNCTION = YES;
				GCC_WARN_UNUSED_VARIABLE = YES;
				IPHONEOS_DEPLOYMENT_TARGET = 11.3;
				MTL_ENABLE_DEBUG_INFO = NO;
				SDKROOT = iphoneos;
				VALIDATE_PRODUCT = YES;
			};
			name = Release;
		};
		044734C9207F316A003BA9C3 /* Debug */ = {
			isa = XCBuildConfiguration;
			buildSettings = {
				ASSETCATALOG_COMPILER_APPICON_NAME = AppIcon;
				CODE_SIGN_STYLE = Automatic;
				FRAMEWORK_SEARCH_PATHS = (
					"$(inherited)",
					"$(PROJECT_DIR)/CellExtand/YYKit/Vendor",
				);
				INFOPLIST_FILE = CellExtand/Info.plist;
				LD_RUNPATH_SEARCH_PATHS = (
					"$(inherited)",
					"@executable_path/Frameworks",
				);
				PRODUCT_BUNDLE_IDENTIFIER = com.hangzhoushenmang.CellExtand;
				PRODUCT_NAME = "$(TARGET_NAME)";
				TARGETED_DEVICE_FAMILY = "1,2";
			};
			name = Debug;
		};
		044734CA207F316A003BA9C3 /* Release */ = {
			isa = XCBuildConfiguration;
			buildSettings = {
				ASSETCATALOG_COMPILER_APPICON_NAME = AppIcon;
				CODE_SIGN_STYLE = Automatic;
				FRAMEWORK_SEARCH_PATHS = (
					"$(inherited)",
					"$(PROJECT_DIR)/CellExtand/YYKit/Vendor",
				);
				INFOPLIST_FILE = CellExtand/Info.plist;
				LD_RUNPATH_SEARCH_PATHS = (
					"$(inherited)",
					"@executable_path/Frameworks",
				);
				PRODUCT_BUNDLE_IDENTIFIER = com.hangzhoushenmang.CellExtand;
				PRODUCT_NAME = "$(TARGET_NAME)";
				TARGETED_DEVICE_FAMILY = "1,2";
			};
			name = Release;
		};
		044734CC207F316A003BA9C3 /* Debug */ = {
			isa = XCBuildConfiguration;
			buildSettings = {
				BUNDLE_LOADER = "$(TEST_HOST)";
				CODE_SIGN_STYLE = Automatic;
				INFOPLIST_FILE = CellExtandTests/Info.plist;
				LD_RUNPATH_SEARCH_PATHS = (
					"$(inherited)",
					"@executable_path/Frameworks",
					"@loader_path/Frameworks",
				);
				PRODUCT_BUNDLE_IDENTIFIER = com.hangzhoushenmang.CellExtandTests;
				PRODUCT_NAME = "$(TARGET_NAME)";
				TARGETED_DEVICE_FAMILY = "1,2";
				TEST_HOST = "$(BUILT_PRODUCTS_DIR)/CellExtand.app/CellExtand";
			};
			name = Debug;
		};
		044734CD207F316A003BA9C3 /* Release */ = {
			isa = XCBuildConfiguration;
			buildSettings = {
				BUNDLE_LOADER = "$(TEST_HOST)";
				CODE_SIGN_STYLE = Automatic;
				INFOPLIST_FILE = CellExtandTests/Info.plist;
				LD_RUNPATH_SEARCH_PATHS = (
					"$(inherited)",
					"@executable_path/Frameworks",
					"@loader_path/Frameworks",
				);
				PRODUCT_BUNDLE_IDENTIFIER = com.hangzhoushenmang.CellExtandTests;
				PRODUCT_NAME = "$(TARGET_NAME)";
				TARGETED_DEVICE_FAMILY = "1,2";
				TEST_HOST = "$(BUILT_PRODUCTS_DIR)/CellExtand.app/CellExtand";
			};
			name = Release;
		};
		044734CF207F316A003BA9C3 /* Debug */ = {
			isa = XCBuildConfiguration;
			buildSettings = {
				CODE_SIGN_STYLE = Automatic;
				INFOPLIST_FILE = CellExtandUITests/Info.plist;
				LD_RUNPATH_SEARCH_PATHS = (
					"$(inherited)",
					"@executable_path/Frameworks",
					"@loader_path/Frameworks",
				);
				PRODUCT_BUNDLE_IDENTIFIER = com.hangzhoushenmang.CellExtandUITests;
				PRODUCT_NAME = "$(TARGET_NAME)";
				TARGETED_DEVICE_FAMILY = "1,2";
				TEST_TARGET_NAME = CellExtand;
			};
			name = Debug;
		};
		044734D0207F316A003BA9C3 /* Release */ = {
			isa = XCBuildConfiguration;
			buildSettings = {
				CODE_SIGN_STYLE = Automatic;
				INFOPLIST_FILE = CellExtandUITests/Info.plist;
				LD_RUNPATH_SEARCH_PATHS = (
					"$(inherited)",
					"@executable_path/Frameworks",
					"@loader_path/Frameworks",
				);
				PRODUCT_BUNDLE_IDENTIFIER = com.hangzhoushenmang.CellExtandUITests;
				PRODUCT_NAME = "$(TARGET_NAME)";
				TARGETED_DEVICE_FAMILY = "1,2";
				TEST_TARGET_NAME = CellExtand;
			};
			name = Release;
		};
/* End XCBuildConfiguration section */

/* Begin XCConfigurationList section */
		0447349D207F3166003BA9C3 /* Build configuration list for PBXProject "CellExtand" */ = {
			isa = XCConfigurationList;
			buildConfigurations = (
				044734C6207F316A003BA9C3 /* Debug */,
				044734C7207F316A003BA9C3 /* Release */,
			);
			defaultConfigurationIsVisible = 0;
			defaultConfigurationName = Release;
		};
		044734C8207F316A003BA9C3 /* Build configuration list for PBXNativeTarget "CellExtand" */ = {
			isa = XCConfigurationList;
			buildConfigurations = (
				044734C9207F316A003BA9C3 /* Debug */,
				044734CA207F316A003BA9C3 /* Release */,
			);
			defaultConfigurationIsVisible = 0;
			defaultConfigurationName = Release;
		};
		044734CB207F316A003BA9C3 /* Build configuration list for PBXNativeTarget "CellExtandTests" */ = {
			isa = XCConfigurationList;
			buildConfigurations = (
				044734CC207F316A003BA9C3 /* Debug */,
				044734CD207F316A003BA9C3 /* Release */,
			);
			defaultConfigurationIsVisible = 0;
			defaultConfigurationName = Release;
		};
		044734CE207F316A003BA9C3 /* Build configuration list for PBXNativeTarget "CellExtandUITests" */ = {
			isa = XCConfigurationList;
			buildConfigurations = (
				044734CF207F316A003BA9C3 /* Debug */,
				044734D0207F316A003BA9C3 /* Release */,
			);
			defaultConfigurationIsVisible = 0;
			defaultConfigurationName = Release;
		};
/* End XCConfigurationList section */
	};
	rootObject = 0447349A207F3166003BA9C3 /* Project object */;
}
